
Microsoft Visual Studio Solution File, Format Version 12.00
# Visual Studio 15
VisualStudioVersion = 15.0.27130.2036
MinimumVisualStudioVersion = 10.0.40219.1
Project("{2150E333-8FDC-42A3-9474-1A3956D46DE8}") = ".Solution Items", ".Solution Items", "{914870B6-EA42-43EF-9BB0-6676701154F1}"
	ProjectSection(SolutionItems) = preProject
		Solution Items\GlobalAssembly.cs = Solution Items\GlobalAssembly.cs
		NuGet.config = NuGet.config
		Performance1.psess = Performance1.psess
		README.md = README.md
		WebEssentials-Settings.json = WebEssentials-Settings.json
	EndProjectSection
EndProject
Project("{2150E333-8FDC-42A3-9474-1A3956D46DE8}") = "Core", "Core", "{A7A09B09-4A3A-464D-AF80-0A5D11B5E019}"
EndProject
Project("{FAE04EC0-301F-11D3-BF4B-00C04F79EFBC}") = "Trident.Data.EntityFramework", "Trident.Data.EntityFramework\Trident.Data.EntityFramework.csproj", "{23E632BC-E094-487A-829D-6FE8C0AA3B89}"
EndProject
Project("{FAE04EC0-301F-11D3-BF4B-00C04F79EFBC}") = "Trident.Framework.Testing", "Trident.TestHelpers\Trident.Framework.Testing.csproj", "{4C1B4817-D5E9-40F5-A388-C35A9EAB7BAB}"
EndProject
Project("{9A19103F-16F7-4668-BE54-9A1E7A4F7556}") = "Trident.Contracts", "Trident.Contracts\Trident.Contracts.csproj", "{F95AFC22-8EA3-40AC-9D83-37BE67989EE6}"
EndProject
Project("{9A19103F-16F7-4668-BE54-9A1E7A4F7556}") = "Trident.Azure", "Trident.Azure\Trident.Azure.csproj", "{8F1D74C5-7123-4AF1-B1D6-904E5C4960C8}"
EndProject
Project("{9A19103F-16F7-4668-BE54-9A1E7A4F7556}") = "Trident.Autofac", "Trident.Autofac\Trident.Autofac.csproj", "{C31BB417-E079-4434-A24C-0BFCDC3C2601}"
EndProject
Project("{9A19103F-16F7-4668-BE54-9A1E7A4F7556}") = "Trident.AutoMapper", "Trident.AutoMapper\Trident.AutoMapper.csproj", "{D680BC7C-71B8-4C02-9CCB-83048249E026}"
EndProject
Project("{9A19103F-16F7-4668-BE54-9A1E7A4F7556}") = "Trident.EF", "Trident.EF\Trident.EF.csproj", "{4F94CAAC-F241-490E-99F5-EFD747136338}"
EndProject
Project("{9A19103F-16F7-4668-BE54-9A1E7A4F7556}") = "Trident.Serilog", "Trident.Serilog\Trident.Serilog.csproj", "{FB32B811-C654-4C3C-8B6C-0395CD7FCC5C}"
EndProject
Project("{9A19103F-16F7-4668-BE54-9A1E7A4F7556}") = "Trident.Web", "Trident.Web\Trident.Web.csproj", "{FAC02538-BB2B-42E2-BE7B-0301AD99C636}"
EndProject
Project("{9A19103F-16F7-4668-BE54-9A1E7A4F7556}") = "Trident.Core.Web", "Trident.Core.Web\Trident.Core.Web.csproj", "{937671DF-73D7-4F4D-9177-69056ADAEC08}"
EndProject
Project("{FAE04EC0-301F-11D3-BF4B-00C04F79EFBC}") = "Trident.Framework.Web", "Trident.Framework.Web\Trident.Framework.Web.csproj", "{736B7E76-DAD7-4206-B464-34B33ECB17E6}"
EndProject
Project("{FAE04EC0-301F-11D3-BF4B-00C04F79EFBC}") = "Trident.Framework", "Trident.Framework\Trident.Framework.csproj", "{46486879-7B58-4731-8B0E-84D0B0FA37A4}"
EndProject
Project("{2150E333-8FDC-42A3-9474-1A3956D46DE8}") = "Standard", "Standard", "{667AA669-79F9-4392-BB08-D3BA51961F4A}"
EndProject
Project("{2150E333-8FDC-42A3-9474-1A3956D46DE8}") = "Framework", "Framework", "{6A3A7D84-9839-4D56-B0BD-5B46EA357754}"
EndProject
Project("{9A19103F-16F7-4668-BE54-9A1E7A4F7556}") = "Trident.RestSharp", "Trident.RestSharp\Trident.RestSharp.csproj", "{3DA8E98A-A7B6-4313-8708-6327A80B066A}"
EndProject
Project("{9A19103F-16F7-4668-BE54-9A1E7A4F7556}") = "Trident.Tests", "Tests\Core\Trident.Tests\Trident.Tests.csproj", "{C10236AE-F97C-417B-A882-67B1CF2CE7F7}"
EndProject
Project("{9A19103F-16F7-4668-BE54-9A1E7A4F7556}") = "Trident.Testing", "Trident.Testing\Trident.Testing.csproj", "{EBE9653D-C8EA-4004-BFF6-984A93D58B2B}"
EndProject
Project("{FAE04EC0-301F-11D3-BF4B-00C04F79EFBC}") = "Trident.Framework.Tests", "Tests\Framework\Trident.Framework.Tests\Trident.Framework.Tests.csproj", "{474EA6B3-936A-4564-ADEC-F2A9D82EF526}"
EndProject
Project("{FAE04EC0-301F-11D3-BF4B-00C04F79EFBC}") = "Trident.Framework.Web.Tests", "Tests\Framework\Trident.Framework.Web.Tests\Trident.Framework.Web.Tests.csproj", "{8D1D34BC-9DAE-4560-AB5B-46684A298173}"
EndProject
Project("{9A19103F-16F7-4668-BE54-9A1E7A4F7556}") = "Trident.Data.EFCore", "Trident.Data.EFCore\Trident.Data.EFCore.csproj", "{9BF22A1B-6488-4746-925A-B4F9BA66BC33}"
EndProject
Project("{9A19103F-16F7-4668-BE54-9A1E7A4F7556}") = "Trident.Core", "Trident.Core\Trident.Core.csproj", "{7047D8F5-3E3A-46D7-8029-3B51917BF653}"
EndProject
Project("{9A19103F-16F7-4668-BE54-9A1E7A4F7556}") = "Trident", "Trident\Trident.csproj", "{AF4EB9A2-0356-48D1-BB2A-1B95FAF79B1E}"
EndProject
Project("{9A19103F-16F7-4668-BE54-9A1E7A4F7556}") = "Trident.Core.Tests", "Tests\Core\Trident.Core.Tests\Trident.Core.Tests.csproj", "{575AC605-68AD-468B-A3C5-C0D1273AD40E}"
EndProject
Project("{FAE04EC0-301F-11D3-BF4B-00C04F79EFBC}") = "Trident.Framework.EF6.Tests", "Tests\Framework\Trident.Framework.EF6.Tests\Trident.Framework.EF6.Tests.csproj", "{0252A330-1DA3-4379-B17B-34F40751119C}"
EndProject
Project("{2150E333-8FDC-42A3-9474-1A3956D46DE8}") = "Tests", "Tests", "{C9C1A131-9CA7-4766-9506-54E9C8DA04BB}"
EndProject
Project("{2150E333-8FDC-42A3-9474-1A3956D46DE8}") = "Core", "Core", "{6994F533-F157-4651-B13B-50167186F481}"
EndProject
Project("{2150E333-8FDC-42A3-9474-1A3956D46DE8}") = "Framework", "Framework", "{DC2901D4-6FD0-4EE8-862D-BC79B27506C9}"
EndProject
Global
	GlobalSection(SolutionConfigurationPlatforms) = preSolution
		Debug|Any CPU = Debug|Any CPU
		Debug|Mixed Platforms = Debug|Mixed Platforms
		Debug|x86 = Debug|x86
		Demo|Any CPU = Demo|Any CPU
		Demo|Mixed Platforms = Demo|Mixed Platforms
		Demo|x86 = Demo|x86
		Dev|Any CPU = Dev|Any CPU
		Dev|Mixed Platforms = Dev|Mixed Platforms
		Dev|x86 = Dev|x86
		Develop|Any CPU = Develop|Any CPU
		Develop|Mixed Platforms = Develop|Mixed Platforms
		Develop|x86 = Develop|x86
		QA|Any CPU = QA|Any CPU
		QA|Mixed Platforms = QA|Mixed Platforms
		QA|x86 = QA|x86
		Release|Any CPU = Release|Any CPU
		Release|Mixed Platforms = Release|Mixed Platforms
		Release|x86 = Release|x86
		Staging|Any CPU = Staging|Any CPU
		Staging|Mixed Platforms = Staging|Mixed Platforms
		Staging|x86 = Staging|x86
		UAT|Any CPU = UAT|Any CPU
		UAT|Mixed Platforms = UAT|Mixed Platforms
		UAT|x86 = UAT|x86
	EndGlobalSection
	GlobalSection(ProjectConfigurationPlatforms) = postSolution
		{23E632BC-E094-487A-829D-6FE8C0AA3B89}.Debug|Any CPU.ActiveCfg = Debug|Any CPU
		{23E632BC-E094-487A-829D-6FE8C0AA3B89}.Debug|Any CPU.Build.0 = Debug|Any CPU
		{23E632BC-E094-487A-829D-6FE8C0AA3B89}.Debug|Mixed Platforms.ActiveCfg = Debug|Any CPU
		{23E632BC-E094-487A-829D-6FE8C0AA3B89}.Debug|Mixed Platforms.Build.0 = Debug|Any CPU
		{23E632BC-E094-487A-829D-6FE8C0AA3B89}.Debug|x86.ActiveCfg = Debug|Any CPU
		{23E632BC-E094-487A-829D-6FE8C0AA3B89}.Debug|x86.Build.0 = Debug|Any CPU
		{23E632BC-E094-487A-829D-6FE8C0AA3B89}.Demo|Any CPU.ActiveCfg = Demo|Any CPU
		{23E632BC-E094-487A-829D-6FE8C0AA3B89}.Demo|Any CPU.Build.0 = Demo|Any CPU
		{23E632BC-E094-487A-829D-6FE8C0AA3B89}.Demo|Mixed Platforms.ActiveCfg = Demo|Any CPU
		{23E632BC-E094-487A-829D-6FE8C0AA3B89}.Demo|Mixed Platforms.Build.0 = Demo|Any CPU
		{23E632BC-E094-487A-829D-6FE8C0AA3B89}.Demo|x86.ActiveCfg = Demo|Any CPU
		{23E632BC-E094-487A-829D-6FE8C0AA3B89}.Demo|x86.Build.0 = Demo|Any CPU
		{23E632BC-E094-487A-829D-6FE8C0AA3B89}.Dev|Any CPU.ActiveCfg = Demo|Any CPU
		{23E632BC-E094-487A-829D-6FE8C0AA3B89}.Dev|Any CPU.Build.0 = Demo|Any CPU
		{23E632BC-E094-487A-829D-6FE8C0AA3B89}.Dev|Mixed Platforms.ActiveCfg = Demo|Any CPU
		{23E632BC-E094-487A-829D-6FE8C0AA3B89}.Dev|Mixed Platforms.Build.0 = Demo|Any CPU
		{23E632BC-E094-487A-829D-6FE8C0AA3B89}.Dev|x86.ActiveCfg = Demo|Any CPU
		{23E632BC-E094-487A-829D-6FE8C0AA3B89}.Dev|x86.Build.0 = Demo|Any CPU
		{23E632BC-E094-487A-829D-6FE8C0AA3B89}.Develop|Any CPU.ActiveCfg = Demo|Any CPU
		{23E632BC-E094-487A-829D-6FE8C0AA3B89}.Develop|Any CPU.Build.0 = Demo|Any CPU
		{23E632BC-E094-487A-829D-6FE8C0AA3B89}.Develop|Mixed Platforms.ActiveCfg = Demo|Any CPU
		{23E632BC-E094-487A-829D-6FE8C0AA3B89}.Develop|Mixed Platforms.Build.0 = Demo|Any CPU
		{23E632BC-E094-487A-829D-6FE8C0AA3B89}.Develop|x86.ActiveCfg = Demo|Any CPU
		{23E632BC-E094-487A-829D-6FE8C0AA3B89}.Develop|x86.Build.0 = Demo|Any CPU
		{23E632BC-E094-487A-829D-6FE8C0AA3B89}.QA|Any CPU.ActiveCfg = QA|Any CPU
		{23E632BC-E094-487A-829D-6FE8C0AA3B89}.QA|Any CPU.Build.0 = QA|Any CPU
		{23E632BC-E094-487A-829D-6FE8C0AA3B89}.QA|Mixed Platforms.ActiveCfg = QA|Any CPU
		{23E632BC-E094-487A-829D-6FE8C0AA3B89}.QA|Mixed Platforms.Build.0 = QA|Any CPU
		{23E632BC-E094-487A-829D-6FE8C0AA3B89}.QA|x86.ActiveCfg = QA|Any CPU
		{23E632BC-E094-487A-829D-6FE8C0AA3B89}.QA|x86.Build.0 = QA|Any CPU
		{23E632BC-E094-487A-829D-6FE8C0AA3B89}.Release|Any CPU.ActiveCfg = Release|Any CPU
		{23E632BC-E094-487A-829D-6FE8C0AA3B89}.Release|Any CPU.Build.0 = Release|Any CPU
		{23E632BC-E094-487A-829D-6FE8C0AA3B89}.Release|Mixed Platforms.ActiveCfg = Release|Any CPU
		{23E632BC-E094-487A-829D-6FE8C0AA3B89}.Release|Mixed Platforms.Build.0 = Release|Any CPU
		{23E632BC-E094-487A-829D-6FE8C0AA3B89}.Release|x86.ActiveCfg = Release|Any CPU
		{23E632BC-E094-487A-829D-6FE8C0AA3B89}.Release|x86.Build.0 = Release|Any CPU
		{23E632BC-E094-487A-829D-6FE8C0AA3B89}.Staging|Any CPU.ActiveCfg = QA|Any CPU
		{23E632BC-E094-487A-829D-6FE8C0AA3B89}.Staging|Any CPU.Build.0 = QA|Any CPU
		{23E632BC-E094-487A-829D-6FE8C0AA3B89}.Staging|Mixed Platforms.ActiveCfg = QA|Any CPU
		{23E632BC-E094-487A-829D-6FE8C0AA3B89}.Staging|Mixed Platforms.Build.0 = QA|Any CPU
		{23E632BC-E094-487A-829D-6FE8C0AA3B89}.Staging|x86.ActiveCfg = QA|Any CPU
		{23E632BC-E094-487A-829D-6FE8C0AA3B89}.Staging|x86.Build.0 = QA|Any CPU
		{23E632BC-E094-487A-829D-6FE8C0AA3B89}.UAT|Any CPU.ActiveCfg = UAT|Any CPU
		{23E632BC-E094-487A-829D-6FE8C0AA3B89}.UAT|Any CPU.Build.0 = UAT|Any CPU
		{23E632BC-E094-487A-829D-6FE8C0AA3B89}.UAT|Mixed Platforms.ActiveCfg = UAT|Any CPU
		{23E632BC-E094-487A-829D-6FE8C0AA3B89}.UAT|Mixed Platforms.Build.0 = UAT|Any CPU
		{23E632BC-E094-487A-829D-6FE8C0AA3B89}.UAT|x86.ActiveCfg = UAT|Any CPU
		{23E632BC-E094-487A-829D-6FE8C0AA3B89}.UAT|x86.Build.0 = UAT|Any CPU
		{4C1B4817-D5E9-40F5-A388-C35A9EAB7BAB}.Debug|Any CPU.ActiveCfg = Debug|Any CPU
		{4C1B4817-D5E9-40F5-A388-C35A9EAB7BAB}.Debug|Any CPU.Build.0 = Debug|Any CPU
		{4C1B4817-D5E9-40F5-A388-C35A9EAB7BAB}.Debug|Mixed Platforms.ActiveCfg = Debug|Any CPU
		{4C1B4817-D5E9-40F5-A388-C35A9EAB7BAB}.Debug|Mixed Platforms.Build.0 = Debug|Any CPU
		{4C1B4817-D5E9-40F5-A388-C35A9EAB7BAB}.Debug|x86.ActiveCfg = Debug|Any CPU
		{4C1B4817-D5E9-40F5-A388-C35A9EAB7BAB}.Debug|x86.Build.0 = Debug|Any CPU
		{4C1B4817-D5E9-40F5-A388-C35A9EAB7BAB}.Demo|Any CPU.ActiveCfg = Demo|Any CPU
		{4C1B4817-D5E9-40F5-A388-C35A9EAB7BAB}.Demo|Any CPU.Build.0 = Demo|Any CPU
		{4C1B4817-D5E9-40F5-A388-C35A9EAB7BAB}.Demo|Mixed Platforms.ActiveCfg = Demo|Any CPU
		{4C1B4817-D5E9-40F5-A388-C35A9EAB7BAB}.Demo|Mixed Platforms.Build.0 = Demo|Any CPU
		{4C1B4817-D5E9-40F5-A388-C35A9EAB7BAB}.Demo|x86.ActiveCfg = Demo|Any CPU
		{4C1B4817-D5E9-40F5-A388-C35A9EAB7BAB}.Demo|x86.Build.0 = Demo|Any CPU
		{4C1B4817-D5E9-40F5-A388-C35A9EAB7BAB}.Dev|Any CPU.ActiveCfg = Dev|Any CPU
		{4C1B4817-D5E9-40F5-A388-C35A9EAB7BAB}.Dev|Any CPU.Build.0 = Dev|Any CPU
		{4C1B4817-D5E9-40F5-A388-C35A9EAB7BAB}.Dev|Mixed Platforms.ActiveCfg = Dev|Any CPU
		{4C1B4817-D5E9-40F5-A388-C35A9EAB7BAB}.Dev|Mixed Platforms.Build.0 = Dev|Any CPU
		{4C1B4817-D5E9-40F5-A388-C35A9EAB7BAB}.Dev|x86.ActiveCfg = Dev|Any CPU
		{4C1B4817-D5E9-40F5-A388-C35A9EAB7BAB}.Dev|x86.Build.0 = Dev|Any CPU
		{4C1B4817-D5E9-40F5-A388-C35A9EAB7BAB}.Develop|Any CPU.ActiveCfg = Dev|Any CPU
		{4C1B4817-D5E9-40F5-A388-C35A9EAB7BAB}.Develop|Any CPU.Build.0 = Dev|Any CPU
		{4C1B4817-D5E9-40F5-A388-C35A9EAB7BAB}.Develop|Mixed Platforms.ActiveCfg = Dev|Any CPU
		{4C1B4817-D5E9-40F5-A388-C35A9EAB7BAB}.Develop|Mixed Platforms.Build.0 = Dev|Any CPU
		{4C1B4817-D5E9-40F5-A388-C35A9EAB7BAB}.Develop|x86.ActiveCfg = Dev|Any CPU
		{4C1B4817-D5E9-40F5-A388-C35A9EAB7BAB}.Develop|x86.Build.0 = Dev|Any CPU
		{4C1B4817-D5E9-40F5-A388-C35A9EAB7BAB}.QA|Any CPU.ActiveCfg = QA|Any CPU
		{4C1B4817-D5E9-40F5-A388-C35A9EAB7BAB}.QA|Any CPU.Build.0 = QA|Any CPU
		{4C1B4817-D5E9-40F5-A388-C35A9EAB7BAB}.QA|Mixed Platforms.ActiveCfg = QA|Any CPU
		{4C1B4817-D5E9-40F5-A388-C35A9EAB7BAB}.QA|Mixed Platforms.Build.0 = QA|Any CPU
		{4C1B4817-D5E9-40F5-A388-C35A9EAB7BAB}.QA|x86.ActiveCfg = QA|Any CPU
		{4C1B4817-D5E9-40F5-A388-C35A9EAB7BAB}.QA|x86.Build.0 = QA|Any CPU
		{4C1B4817-D5E9-40F5-A388-C35A9EAB7BAB}.Release|Any CPU.ActiveCfg = Release|Any CPU
		{4C1B4817-D5E9-40F5-A388-C35A9EAB7BAB}.Release|Any CPU.Build.0 = Release|Any CPU
		{4C1B4817-D5E9-40F5-A388-C35A9EAB7BAB}.Release|Mixed Platforms.ActiveCfg = Release|Any CPU
		{4C1B4817-D5E9-40F5-A388-C35A9EAB7BAB}.Release|Mixed Platforms.Build.0 = Release|Any CPU
		{4C1B4817-D5E9-40F5-A388-C35A9EAB7BAB}.Release|x86.ActiveCfg = Release|Any CPU
		{4C1B4817-D5E9-40F5-A388-C35A9EAB7BAB}.Release|x86.Build.0 = Release|Any CPU
		{4C1B4817-D5E9-40F5-A388-C35A9EAB7BAB}.Staging|Any CPU.ActiveCfg = UAT|Any CPU
		{4C1B4817-D5E9-40F5-A388-C35A9EAB7BAB}.Staging|Any CPU.Build.0 = UAT|Any CPU
		{4C1B4817-D5E9-40F5-A388-C35A9EAB7BAB}.Staging|Mixed Platforms.ActiveCfg = UAT|Any CPU
		{4C1B4817-D5E9-40F5-A388-C35A9EAB7BAB}.Staging|Mixed Platforms.Build.0 = UAT|Any CPU
		{4C1B4817-D5E9-40F5-A388-C35A9EAB7BAB}.Staging|x86.ActiveCfg = UAT|Any CPU
		{4C1B4817-D5E9-40F5-A388-C35A9EAB7BAB}.Staging|x86.Build.0 = UAT|Any CPU
		{4C1B4817-D5E9-40F5-A388-C35A9EAB7BAB}.UAT|Any CPU.ActiveCfg = UAT|Any CPU
		{4C1B4817-D5E9-40F5-A388-C35A9EAB7BAB}.UAT|Any CPU.Build.0 = UAT|Any CPU
		{4C1B4817-D5E9-40F5-A388-C35A9EAB7BAB}.UAT|Mixed Platforms.ActiveCfg = UAT|Any CPU
		{4C1B4817-D5E9-40F5-A388-C35A9EAB7BAB}.UAT|Mixed Platforms.Build.0 = UAT|Any CPU
		{4C1B4817-D5E9-40F5-A388-C35A9EAB7BAB}.UAT|x86.ActiveCfg = UAT|Any CPU
		{4C1B4817-D5E9-40F5-A388-C35A9EAB7BAB}.UAT|x86.Build.0 = UAT|Any CPU
		{F95AFC22-8EA3-40AC-9D83-37BE67989EE6}.Debug|Any CPU.ActiveCfg = Debug|Any CPU
		{F95AFC22-8EA3-40AC-9D83-37BE67989EE6}.Debug|Any CPU.Build.0 = Debug|Any CPU
		{F95AFC22-8EA3-40AC-9D83-37BE67989EE6}.Debug|Mixed Platforms.ActiveCfg = Debug|Any CPU
		{F95AFC22-8EA3-40AC-9D83-37BE67989EE6}.Debug|Mixed Platforms.Build.0 = Debug|Any CPU
		{F95AFC22-8EA3-40AC-9D83-37BE67989EE6}.Debug|x86.ActiveCfg = Debug|Any CPU
		{F95AFC22-8EA3-40AC-9D83-37BE67989EE6}.Debug|x86.Build.0 = Debug|Any CPU
		{F95AFC22-8EA3-40AC-9D83-37BE67989EE6}.Demo|Any CPU.ActiveCfg = Debug|Any CPU
		{F95AFC22-8EA3-40AC-9D83-37BE67989EE6}.Demo|Any CPU.Build.0 = Debug|Any CPU
		{F95AFC22-8EA3-40AC-9D83-37BE67989EE6}.Demo|Mixed Platforms.ActiveCfg = Debug|Any CPU
		{F95AFC22-8EA3-40AC-9D83-37BE67989EE6}.Demo|Mixed Platforms.Build.0 = Debug|Any CPU
		{F95AFC22-8EA3-40AC-9D83-37BE67989EE6}.Demo|x86.ActiveCfg = Debug|Any CPU
		{F95AFC22-8EA3-40AC-9D83-37BE67989EE6}.Demo|x86.Build.0 = Debug|Any CPU
		{F95AFC22-8EA3-40AC-9D83-37BE67989EE6}.Dev|Any CPU.ActiveCfg = Debug|Any CPU
		{F95AFC22-8EA3-40AC-9D83-37BE67989EE6}.Dev|Any CPU.Build.0 = Debug|Any CPU
		{F95AFC22-8EA3-40AC-9D83-37BE67989EE6}.Dev|Mixed Platforms.ActiveCfg = Debug|Any CPU
		{F95AFC22-8EA3-40AC-9D83-37BE67989EE6}.Dev|Mixed Platforms.Build.0 = Debug|Any CPU
		{F95AFC22-8EA3-40AC-9D83-37BE67989EE6}.Dev|x86.ActiveCfg = Debug|Any CPU
		{F95AFC22-8EA3-40AC-9D83-37BE67989EE6}.Dev|x86.Build.0 = Debug|Any CPU
		{F95AFC22-8EA3-40AC-9D83-37BE67989EE6}.Develop|Any CPU.ActiveCfg = Debug|Any CPU
		{F95AFC22-8EA3-40AC-9D83-37BE67989EE6}.Develop|Any CPU.Build.0 = Debug|Any CPU
		{F95AFC22-8EA3-40AC-9D83-37BE67989EE6}.Develop|Mixed Platforms.ActiveCfg = Debug|Any CPU
		{F95AFC22-8EA3-40AC-9D83-37BE67989EE6}.Develop|Mixed Platforms.Build.0 = Debug|Any CPU
		{F95AFC22-8EA3-40AC-9D83-37BE67989EE6}.Develop|x86.ActiveCfg = Debug|Any CPU
		{F95AFC22-8EA3-40AC-9D83-37BE67989EE6}.Develop|x86.Build.0 = Debug|Any CPU
		{F95AFC22-8EA3-40AC-9D83-37BE67989EE6}.QA|Any CPU.ActiveCfg = Debug|Any CPU
		{F95AFC22-8EA3-40AC-9D83-37BE67989EE6}.QA|Any CPU.Build.0 = Debug|Any CPU
		{F95AFC22-8EA3-40AC-9D83-37BE67989EE6}.QA|Mixed Platforms.ActiveCfg = Debug|Any CPU
		{F95AFC22-8EA3-40AC-9D83-37BE67989EE6}.QA|Mixed Platforms.Build.0 = Debug|Any CPU
		{F95AFC22-8EA3-40AC-9D83-37BE67989EE6}.QA|x86.ActiveCfg = Debug|Any CPU
		{F95AFC22-8EA3-40AC-9D83-37BE67989EE6}.QA|x86.Build.0 = Debug|Any CPU
		{F95AFC22-8EA3-40AC-9D83-37BE67989EE6}.Release|Any CPU.ActiveCfg = Release|Any CPU
		{F95AFC22-8EA3-40AC-9D83-37BE67989EE6}.Release|Any CPU.Build.0 = Release|Any CPU
		{F95AFC22-8EA3-40AC-9D83-37BE67989EE6}.Release|Mixed Platforms.ActiveCfg = Release|Any CPU
		{F95AFC22-8EA3-40AC-9D83-37BE67989EE6}.Release|Mixed Platforms.Build.0 = Release|Any CPU
		{F95AFC22-8EA3-40AC-9D83-37BE67989EE6}.Release|x86.ActiveCfg = Release|Any CPU
		{F95AFC22-8EA3-40AC-9D83-37BE67989EE6}.Release|x86.Build.0 = Release|Any CPU
		{F95AFC22-8EA3-40AC-9D83-37BE67989EE6}.Staging|Any CPU.ActiveCfg = Debug|Any CPU
		{F95AFC22-8EA3-40AC-9D83-37BE67989EE6}.Staging|Any CPU.Build.0 = Debug|Any CPU
		{F95AFC22-8EA3-40AC-9D83-37BE67989EE6}.Staging|Mixed Platforms.ActiveCfg = Debug|Any CPU
		{F95AFC22-8EA3-40AC-9D83-37BE67989EE6}.Staging|Mixed Platforms.Build.0 = Debug|Any CPU
		{F95AFC22-8EA3-40AC-9D83-37BE67989EE6}.Staging|x86.ActiveCfg = Debug|Any CPU
		{F95AFC22-8EA3-40AC-9D83-37BE67989EE6}.Staging|x86.Build.0 = Debug|Any CPU
		{F95AFC22-8EA3-40AC-9D83-37BE67989EE6}.UAT|Any CPU.ActiveCfg = Debug|Any CPU
		{F95AFC22-8EA3-40AC-9D83-37BE67989EE6}.UAT|Any CPU.Build.0 = Debug|Any CPU
		{F95AFC22-8EA3-40AC-9D83-37BE67989EE6}.UAT|Mixed Platforms.ActiveCfg = Debug|Any CPU
		{F95AFC22-8EA3-40AC-9D83-37BE67989EE6}.UAT|Mixed Platforms.Build.0 = Debug|Any CPU
		{F95AFC22-8EA3-40AC-9D83-37BE67989EE6}.UAT|x86.ActiveCfg = Debug|Any CPU
		{F95AFC22-8EA3-40AC-9D83-37BE67989EE6}.UAT|x86.Build.0 = Debug|Any CPU
		{8F1D74C5-7123-4AF1-B1D6-904E5C4960C8}.Debug|Any CPU.ActiveCfg = Debug|Any CPU
		{8F1D74C5-7123-4AF1-B1D6-904E5C4960C8}.Debug|Any CPU.Build.0 = Debug|Any CPU
		{8F1D74C5-7123-4AF1-B1D6-904E5C4960C8}.Debug|Mixed Platforms.ActiveCfg = Debug|Any CPU
		{8F1D74C5-7123-4AF1-B1D6-904E5C4960C8}.Debug|Mixed Platforms.Build.0 = Debug|Any CPU
		{8F1D74C5-7123-4AF1-B1D6-904E5C4960C8}.Debug|x86.ActiveCfg = Debug|Any CPU
		{8F1D74C5-7123-4AF1-B1D6-904E5C4960C8}.Debug|x86.Build.0 = Debug|Any CPU
		{8F1D74C5-7123-4AF1-B1D6-904E5C4960C8}.Demo|Any CPU.ActiveCfg = Debug|Any CPU
		{8F1D74C5-7123-4AF1-B1D6-904E5C4960C8}.Demo|Any CPU.Build.0 = Debug|Any CPU
		{8F1D74C5-7123-4AF1-B1D6-904E5C4960C8}.Demo|Mixed Platforms.ActiveCfg = Debug|Any CPU
		{8F1D74C5-7123-4AF1-B1D6-904E5C4960C8}.Demo|Mixed Platforms.Build.0 = Debug|Any CPU
		{8F1D74C5-7123-4AF1-B1D6-904E5C4960C8}.Demo|x86.ActiveCfg = Debug|Any CPU
		{8F1D74C5-7123-4AF1-B1D6-904E5C4960C8}.Demo|x86.Build.0 = Debug|Any CPU
		{8F1D74C5-7123-4AF1-B1D6-904E5C4960C8}.Dev|Any CPU.ActiveCfg = Debug|Any CPU
		{8F1D74C5-7123-4AF1-B1D6-904E5C4960C8}.Dev|Any CPU.Build.0 = Debug|Any CPU
		{8F1D74C5-7123-4AF1-B1D6-904E5C4960C8}.Dev|Mixed Platforms.ActiveCfg = Debug|Any CPU
		{8F1D74C5-7123-4AF1-B1D6-904E5C4960C8}.Dev|Mixed Platforms.Build.0 = Debug|Any CPU
		{8F1D74C5-7123-4AF1-B1D6-904E5C4960C8}.Dev|x86.ActiveCfg = Debug|Any CPU
		{8F1D74C5-7123-4AF1-B1D6-904E5C4960C8}.Dev|x86.Build.0 = Debug|Any CPU
		{8F1D74C5-7123-4AF1-B1D6-904E5C4960C8}.Develop|Any CPU.ActiveCfg = Debug|Any CPU
		{8F1D74C5-7123-4AF1-B1D6-904E5C4960C8}.Develop|Any CPU.Build.0 = Debug|Any CPU
		{8F1D74C5-7123-4AF1-B1D6-904E5C4960C8}.Develop|Mixed Platforms.ActiveCfg = Debug|Any CPU
		{8F1D74C5-7123-4AF1-B1D6-904E5C4960C8}.Develop|Mixed Platforms.Build.0 = Debug|Any CPU
		{8F1D74C5-7123-4AF1-B1D6-904E5C4960C8}.Develop|x86.ActiveCfg = Debug|Any CPU
		{8F1D74C5-7123-4AF1-B1D6-904E5C4960C8}.Develop|x86.Build.0 = Debug|Any CPU
		{8F1D74C5-7123-4AF1-B1D6-904E5C4960C8}.QA|Any CPU.ActiveCfg = Debug|Any CPU
		{8F1D74C5-7123-4AF1-B1D6-904E5C4960C8}.QA|Any CPU.Build.0 = Debug|Any CPU
		{8F1D74C5-7123-4AF1-B1D6-904E5C4960C8}.QA|Mixed Platforms.ActiveCfg = Debug|Any CPU
		{8F1D74C5-7123-4AF1-B1D6-904E5C4960C8}.QA|Mixed Platforms.Build.0 = Debug|Any CPU
		{8F1D74C5-7123-4AF1-B1D6-904E5C4960C8}.QA|x86.ActiveCfg = Debug|Any CPU
		{8F1D74C5-7123-4AF1-B1D6-904E5C4960C8}.QA|x86.Build.0 = Debug|Any CPU
		{8F1D74C5-7123-4AF1-B1D6-904E5C4960C8}.Release|Any CPU.ActiveCfg = Release|Any CPU
		{8F1D74C5-7123-4AF1-B1D6-904E5C4960C8}.Release|Any CPU.Build.0 = Release|Any CPU
		{8F1D74C5-7123-4AF1-B1D6-904E5C4960C8}.Release|Mixed Platforms.ActiveCfg = Release|Any CPU
		{8F1D74C5-7123-4AF1-B1D6-904E5C4960C8}.Release|Mixed Platforms.Build.0 = Release|Any CPU
		{8F1D74C5-7123-4AF1-B1D6-904E5C4960C8}.Release|x86.ActiveCfg = Release|Any CPU
		{8F1D74C5-7123-4AF1-B1D6-904E5C4960C8}.Release|x86.Build.0 = Release|Any CPU
		{8F1D74C5-7123-4AF1-B1D6-904E5C4960C8}.Staging|Any CPU.ActiveCfg = Debug|Any CPU
		{8F1D74C5-7123-4AF1-B1D6-904E5C4960C8}.Staging|Any CPU.Build.0 = Debug|Any CPU
		{8F1D74C5-7123-4AF1-B1D6-904E5C4960C8}.Staging|Mixed Platforms.ActiveCfg = Debug|Any CPU
		{8F1D74C5-7123-4AF1-B1D6-904E5C4960C8}.Staging|Mixed Platforms.Build.0 = Debug|Any CPU
		{8F1D74C5-7123-4AF1-B1D6-904E5C4960C8}.Staging|x86.ActiveCfg = Debug|Any CPU
		{8F1D74C5-7123-4AF1-B1D6-904E5C4960C8}.Staging|x86.Build.0 = Debug|Any CPU
		{8F1D74C5-7123-4AF1-B1D6-904E5C4960C8}.UAT|Any CPU.ActiveCfg = Debug|Any CPU
		{8F1D74C5-7123-4AF1-B1D6-904E5C4960C8}.UAT|Any CPU.Build.0 = Debug|Any CPU
		{8F1D74C5-7123-4AF1-B1D6-904E5C4960C8}.UAT|Mixed Platforms.ActiveCfg = Debug|Any CPU
		{8F1D74C5-7123-4AF1-B1D6-904E5C4960C8}.UAT|Mixed Platforms.Build.0 = Debug|Any CPU
		{8F1D74C5-7123-4AF1-B1D6-904E5C4960C8}.UAT|x86.ActiveCfg = Debug|Any CPU
		{8F1D74C5-7123-4AF1-B1D6-904E5C4960C8}.UAT|x86.Build.0 = Debug|Any CPU
		{C31BB417-E079-4434-A24C-0BFCDC3C2601}.Debug|Any CPU.ActiveCfg = Debug|Any CPU
		{C31BB417-E079-4434-A24C-0BFCDC3C2601}.Debug|Any CPU.Build.0 = Debug|Any CPU
		{C31BB417-E079-4434-A24C-0BFCDC3C2601}.Debug|Mixed Platforms.ActiveCfg = Debug|Any CPU
		{C31BB417-E079-4434-A24C-0BFCDC3C2601}.Debug|Mixed Platforms.Build.0 = Debug|Any CPU
		{C31BB417-E079-4434-A24C-0BFCDC3C2601}.Debug|x86.ActiveCfg = Debug|Any CPU
		{C31BB417-E079-4434-A24C-0BFCDC3C2601}.Debug|x86.Build.0 = Debug|Any CPU
		{C31BB417-E079-4434-A24C-0BFCDC3C2601}.Demo|Any CPU.ActiveCfg = Debug|Any CPU
		{C31BB417-E079-4434-A24C-0BFCDC3C2601}.Demo|Any CPU.Build.0 = Debug|Any CPU
		{C31BB417-E079-4434-A24C-0BFCDC3C2601}.Demo|Mixed Platforms.ActiveCfg = Debug|Any CPU
		{C31BB417-E079-4434-A24C-0BFCDC3C2601}.Demo|Mixed Platforms.Build.0 = Debug|Any CPU
		{C31BB417-E079-4434-A24C-0BFCDC3C2601}.Demo|x86.ActiveCfg = Debug|Any CPU
		{C31BB417-E079-4434-A24C-0BFCDC3C2601}.Demo|x86.Build.0 = Debug|Any CPU
		{C31BB417-E079-4434-A24C-0BFCDC3C2601}.Dev|Any CPU.ActiveCfg = Debug|Any CPU
		{C31BB417-E079-4434-A24C-0BFCDC3C2601}.Dev|Any CPU.Build.0 = Debug|Any CPU
		{C31BB417-E079-4434-A24C-0BFCDC3C2601}.Dev|Mixed Platforms.ActiveCfg = Debug|Any CPU
		{C31BB417-E079-4434-A24C-0BFCDC3C2601}.Dev|Mixed Platforms.Build.0 = Debug|Any CPU
		{C31BB417-E079-4434-A24C-0BFCDC3C2601}.Dev|x86.ActiveCfg = Debug|Any CPU
		{C31BB417-E079-4434-A24C-0BFCDC3C2601}.Dev|x86.Build.0 = Debug|Any CPU
		{C31BB417-E079-4434-A24C-0BFCDC3C2601}.Develop|Any CPU.ActiveCfg = Debug|Any CPU
		{C31BB417-E079-4434-A24C-0BFCDC3C2601}.Develop|Any CPU.Build.0 = Debug|Any CPU
		{C31BB417-E079-4434-A24C-0BFCDC3C2601}.Develop|Mixed Platforms.ActiveCfg = Debug|Any CPU
		{C31BB417-E079-4434-A24C-0BFCDC3C2601}.Develop|Mixed Platforms.Build.0 = Debug|Any CPU
		{C31BB417-E079-4434-A24C-0BFCDC3C2601}.Develop|x86.ActiveCfg = Debug|Any CPU
		{C31BB417-E079-4434-A24C-0BFCDC3C2601}.Develop|x86.Build.0 = Debug|Any CPU
		{C31BB417-E079-4434-A24C-0BFCDC3C2601}.QA|Any CPU.ActiveCfg = Debug|Any CPU
		{C31BB417-E079-4434-A24C-0BFCDC3C2601}.QA|Any CPU.Build.0 = Debug|Any CPU
		{C31BB417-E079-4434-A24C-0BFCDC3C2601}.QA|Mixed Platforms.ActiveCfg = Debug|Any CPU
		{C31BB417-E079-4434-A24C-0BFCDC3C2601}.QA|Mixed Platforms.Build.0 = Debug|Any CPU
		{C31BB417-E079-4434-A24C-0BFCDC3C2601}.QA|x86.ActiveCfg = Debug|Any CPU
		{C31BB417-E079-4434-A24C-0BFCDC3C2601}.QA|x86.Build.0 = Debug|Any CPU
		{C31BB417-E079-4434-A24C-0BFCDC3C2601}.Release|Any CPU.ActiveCfg = Release|Any CPU
		{C31BB417-E079-4434-A24C-0BFCDC3C2601}.Release|Any CPU.Build.0 = Release|Any CPU
		{C31BB417-E079-4434-A24C-0BFCDC3C2601}.Release|Mixed Platforms.ActiveCfg = Release|Any CPU
		{C31BB417-E079-4434-A24C-0BFCDC3C2601}.Release|Mixed Platforms.Build.0 = Release|Any CPU
		{C31BB417-E079-4434-A24C-0BFCDC3C2601}.Release|x86.ActiveCfg = Release|Any CPU
		{C31BB417-E079-4434-A24C-0BFCDC3C2601}.Release|x86.Build.0 = Release|Any CPU
		{C31BB417-E079-4434-A24C-0BFCDC3C2601}.Staging|Any CPU.ActiveCfg = Debug|Any CPU
		{C31BB417-E079-4434-A24C-0BFCDC3C2601}.Staging|Any CPU.Build.0 = Debug|Any CPU
		{C31BB417-E079-4434-A24C-0BFCDC3C2601}.Staging|Mixed Platforms.ActiveCfg = Debug|Any CPU
		{C31BB417-E079-4434-A24C-0BFCDC3C2601}.Staging|Mixed Platforms.Build.0 = Debug|Any CPU
		{C31BB417-E079-4434-A24C-0BFCDC3C2601}.Staging|x86.ActiveCfg = Debug|Any CPU
		{C31BB417-E079-4434-A24C-0BFCDC3C2601}.Staging|x86.Build.0 = Debug|Any CPU
		{C31BB417-E079-4434-A24C-0BFCDC3C2601}.UAT|Any CPU.ActiveCfg = Debug|Any CPU
		{C31BB417-E079-4434-A24C-0BFCDC3C2601}.UAT|Any CPU.Build.0 = Debug|Any CPU
		{C31BB417-E079-4434-A24C-0BFCDC3C2601}.UAT|Mixed Platforms.ActiveCfg = Debug|Any CPU
		{C31BB417-E079-4434-A24C-0BFCDC3C2601}.UAT|Mixed Platforms.Build.0 = Debug|Any CPU
		{C31BB417-E079-4434-A24C-0BFCDC3C2601}.UAT|x86.ActiveCfg = Debug|Any CPU
		{C31BB417-E079-4434-A24C-0BFCDC3C2601}.UAT|x86.Build.0 = Debug|Any CPU
		{D680BC7C-71B8-4C02-9CCB-83048249E026}.Debug|Any CPU.ActiveCfg = Debug|Any CPU
		{D680BC7C-71B8-4C02-9CCB-83048249E026}.Debug|Any CPU.Build.0 = Debug|Any CPU
		{D680BC7C-71B8-4C02-9CCB-83048249E026}.Debug|Mixed Platforms.ActiveCfg = Debug|Any CPU
		{D680BC7C-71B8-4C02-9CCB-83048249E026}.Debug|Mixed Platforms.Build.0 = Debug|Any CPU
		{D680BC7C-71B8-4C02-9CCB-83048249E026}.Debug|x86.ActiveCfg = Debug|Any CPU
		{D680BC7C-71B8-4C02-9CCB-83048249E026}.Debug|x86.Build.0 = Debug|Any CPU
		{D680BC7C-71B8-4C02-9CCB-83048249E026}.Demo|Any CPU.ActiveCfg = Debug|Any CPU
		{D680BC7C-71B8-4C02-9CCB-83048249E026}.Demo|Any CPU.Build.0 = Debug|Any CPU
		{D680BC7C-71B8-4C02-9CCB-83048249E026}.Demo|Mixed Platforms.ActiveCfg = Debug|Any CPU
		{D680BC7C-71B8-4C02-9CCB-83048249E026}.Demo|Mixed Platforms.Build.0 = Debug|Any CPU
		{D680BC7C-71B8-4C02-9CCB-83048249E026}.Demo|x86.ActiveCfg = Debug|Any CPU
		{D680BC7C-71B8-4C02-9CCB-83048249E026}.Demo|x86.Build.0 = Debug|Any CPU
		{D680BC7C-71B8-4C02-9CCB-83048249E026}.Dev|Any CPU.ActiveCfg = Debug|Any CPU
		{D680BC7C-71B8-4C02-9CCB-83048249E026}.Dev|Any CPU.Build.0 = Debug|Any CPU
		{D680BC7C-71B8-4C02-9CCB-83048249E026}.Dev|Mixed Platforms.ActiveCfg = Debug|Any CPU
		{D680BC7C-71B8-4C02-9CCB-83048249E026}.Dev|Mixed Platforms.Build.0 = Debug|Any CPU
		{D680BC7C-71B8-4C02-9CCB-83048249E026}.Dev|x86.ActiveCfg = Debug|Any CPU
		{D680BC7C-71B8-4C02-9CCB-83048249E026}.Dev|x86.Build.0 = Debug|Any CPU
		{D680BC7C-71B8-4C02-9CCB-83048249E026}.Develop|Any CPU.ActiveCfg = Debug|Any CPU
		{D680BC7C-71B8-4C02-9CCB-83048249E026}.Develop|Any CPU.Build.0 = Debug|Any CPU
		{D680BC7C-71B8-4C02-9CCB-83048249E026}.Develop|Mixed Platforms.ActiveCfg = Debug|Any CPU
		{D680BC7C-71B8-4C02-9CCB-83048249E026}.Develop|Mixed Platforms.Build.0 = Debug|Any CPU
		{D680BC7C-71B8-4C02-9CCB-83048249E026}.Develop|x86.ActiveCfg = Debug|Any CPU
		{D680BC7C-71B8-4C02-9CCB-83048249E026}.Develop|x86.Build.0 = Debug|Any CPU
		{D680BC7C-71B8-4C02-9CCB-83048249E026}.QA|Any CPU.ActiveCfg = Debug|Any CPU
		{D680BC7C-71B8-4C02-9CCB-83048249E026}.QA|Any CPU.Build.0 = Debug|Any CPU
		{D680BC7C-71B8-4C02-9CCB-83048249E026}.QA|Mixed Platforms.ActiveCfg = Debug|Any CPU
		{D680BC7C-71B8-4C02-9CCB-83048249E026}.QA|Mixed Platforms.Build.0 = Debug|Any CPU
		{D680BC7C-71B8-4C02-9CCB-83048249E026}.QA|x86.ActiveCfg = Debug|Any CPU
		{D680BC7C-71B8-4C02-9CCB-83048249E026}.QA|x86.Build.0 = Debug|Any CPU
		{D680BC7C-71B8-4C02-9CCB-83048249E026}.Release|Any CPU.ActiveCfg = Release|Any CPU
		{D680BC7C-71B8-4C02-9CCB-83048249E026}.Release|Any CPU.Build.0 = Release|Any CPU
		{D680BC7C-71B8-4C02-9CCB-83048249E026}.Release|Mixed Platforms.ActiveCfg = Release|Any CPU
		{D680BC7C-71B8-4C02-9CCB-83048249E026}.Release|Mixed Platforms.Build.0 = Release|Any CPU
		{D680BC7C-71B8-4C02-9CCB-83048249E026}.Release|x86.ActiveCfg = Release|Any CPU
		{D680BC7C-71B8-4C02-9CCB-83048249E026}.Release|x86.Build.0 = Release|Any CPU
		{D680BC7C-71B8-4C02-9CCB-83048249E026}.Staging|Any CPU.ActiveCfg = Debug|Any CPU
		{D680BC7C-71B8-4C02-9CCB-83048249E026}.Staging|Any CPU.Build.0 = Debug|Any CPU
		{D680BC7C-71B8-4C02-9CCB-83048249E026}.Staging|Mixed Platforms.ActiveCfg = Debug|Any CPU
		{D680BC7C-71B8-4C02-9CCB-83048249E026}.Staging|Mixed Platforms.Build.0 = Debug|Any CPU
		{D680BC7C-71B8-4C02-9CCB-83048249E026}.Staging|x86.ActiveCfg = Debug|Any CPU
		{D680BC7C-71B8-4C02-9CCB-83048249E026}.Staging|x86.Build.0 = Debug|Any CPU
		{D680BC7C-71B8-4C02-9CCB-83048249E026}.UAT|Any CPU.ActiveCfg = Debug|Any CPU
		{D680BC7C-71B8-4C02-9CCB-83048249E026}.UAT|Any CPU.Build.0 = Debug|Any CPU
		{D680BC7C-71B8-4C02-9CCB-83048249E026}.UAT|Mixed Platforms.ActiveCfg = Debug|Any CPU
		{D680BC7C-71B8-4C02-9CCB-83048249E026}.UAT|Mixed Platforms.Build.0 = Debug|Any CPU
		{D680BC7C-71B8-4C02-9CCB-83048249E026}.UAT|x86.ActiveCfg = Debug|Any CPU
		{D680BC7C-71B8-4C02-9CCB-83048249E026}.UAT|x86.Build.0 = Debug|Any CPU
		{4F94CAAC-F241-490E-99F5-EFD747136338}.Debug|Any CPU.ActiveCfg = Debug|Any CPU
		{4F94CAAC-F241-490E-99F5-EFD747136338}.Debug|Any CPU.Build.0 = Debug|Any CPU
		{4F94CAAC-F241-490E-99F5-EFD747136338}.Debug|Mixed Platforms.ActiveCfg = Debug|Any CPU
		{4F94CAAC-F241-490E-99F5-EFD747136338}.Debug|Mixed Platforms.Build.0 = Debug|Any CPU
		{4F94CAAC-F241-490E-99F5-EFD747136338}.Debug|x86.ActiveCfg = Debug|Any CPU
		{4F94CAAC-F241-490E-99F5-EFD747136338}.Debug|x86.Build.0 = Debug|Any CPU
		{4F94CAAC-F241-490E-99F5-EFD747136338}.Demo|Any CPU.ActiveCfg = Debug|Any CPU
		{4F94CAAC-F241-490E-99F5-EFD747136338}.Demo|Any CPU.Build.0 = Debug|Any CPU
		{4F94CAAC-F241-490E-99F5-EFD747136338}.Demo|Mixed Platforms.ActiveCfg = Debug|Any CPU
		{4F94CAAC-F241-490E-99F5-EFD747136338}.Demo|Mixed Platforms.Build.0 = Debug|Any CPU
		{4F94CAAC-F241-490E-99F5-EFD747136338}.Demo|x86.ActiveCfg = Debug|Any CPU
		{4F94CAAC-F241-490E-99F5-EFD747136338}.Demo|x86.Build.0 = Debug|Any CPU
		{4F94CAAC-F241-490E-99F5-EFD747136338}.Dev|Any CPU.ActiveCfg = Debug|Any CPU
		{4F94CAAC-F241-490E-99F5-EFD747136338}.Dev|Any CPU.Build.0 = Debug|Any CPU
		{4F94CAAC-F241-490E-99F5-EFD747136338}.Dev|Mixed Platforms.ActiveCfg = Debug|Any CPU
		{4F94CAAC-F241-490E-99F5-EFD747136338}.Dev|Mixed Platforms.Build.0 = Debug|Any CPU
		{4F94CAAC-F241-490E-99F5-EFD747136338}.Dev|x86.ActiveCfg = Debug|Any CPU
		{4F94CAAC-F241-490E-99F5-EFD747136338}.Dev|x86.Build.0 = Debug|Any CPU
		{4F94CAAC-F241-490E-99F5-EFD747136338}.Develop|Any CPU.ActiveCfg = Debug|Any CPU
		{4F94CAAC-F241-490E-99F5-EFD747136338}.Develop|Any CPU.Build.0 = Debug|Any CPU
		{4F94CAAC-F241-490E-99F5-EFD747136338}.Develop|Mixed Platforms.ActiveCfg = Debug|Any CPU
		{4F94CAAC-F241-490E-99F5-EFD747136338}.Develop|Mixed Platforms.Build.0 = Debug|Any CPU
		{4F94CAAC-F241-490E-99F5-EFD747136338}.Develop|x86.ActiveCfg = Debug|Any CPU
		{4F94CAAC-F241-490E-99F5-EFD747136338}.Develop|x86.Build.0 = Debug|Any CPU
		{4F94CAAC-F241-490E-99F5-EFD747136338}.QA|Any CPU.ActiveCfg = Debug|Any CPU
		{4F94CAAC-F241-490E-99F5-EFD747136338}.QA|Any CPU.Build.0 = Debug|Any CPU
		{4F94CAAC-F241-490E-99F5-EFD747136338}.QA|Mixed Platforms.ActiveCfg = Debug|Any CPU
		{4F94CAAC-F241-490E-99F5-EFD747136338}.QA|Mixed Platforms.Build.0 = Debug|Any CPU
		{4F94CAAC-F241-490E-99F5-EFD747136338}.QA|x86.ActiveCfg = Debug|Any CPU
		{4F94CAAC-F241-490E-99F5-EFD747136338}.QA|x86.Build.0 = Debug|Any CPU
		{4F94CAAC-F241-490E-99F5-EFD747136338}.Release|Any CPU.ActiveCfg = Release|Any CPU
		{4F94CAAC-F241-490E-99F5-EFD747136338}.Release|Any CPU.Build.0 = Release|Any CPU
		{4F94CAAC-F241-490E-99F5-EFD747136338}.Release|Mixed Platforms.ActiveCfg = Release|Any CPU
		{4F94CAAC-F241-490E-99F5-EFD747136338}.Release|Mixed Platforms.Build.0 = Release|Any CPU
		{4F94CAAC-F241-490E-99F5-EFD747136338}.Release|x86.ActiveCfg = Release|Any CPU
		{4F94CAAC-F241-490E-99F5-EFD747136338}.Release|x86.Build.0 = Release|Any CPU
		{4F94CAAC-F241-490E-99F5-EFD747136338}.Staging|Any CPU.ActiveCfg = Debug|Any CPU
		{4F94CAAC-F241-490E-99F5-EFD747136338}.Staging|Any CPU.Build.0 = Debug|Any CPU
		{4F94CAAC-F241-490E-99F5-EFD747136338}.Staging|Mixed Platforms.ActiveCfg = Debug|Any CPU
		{4F94CAAC-F241-490E-99F5-EFD747136338}.Staging|Mixed Platforms.Build.0 = Debug|Any CPU
		{4F94CAAC-F241-490E-99F5-EFD747136338}.Staging|x86.ActiveCfg = Debug|Any CPU
		{4F94CAAC-F241-490E-99F5-EFD747136338}.Staging|x86.Build.0 = Debug|Any CPU
		{4F94CAAC-F241-490E-99F5-EFD747136338}.UAT|Any CPU.ActiveCfg = Debug|Any CPU
		{4F94CAAC-F241-490E-99F5-EFD747136338}.UAT|Any CPU.Build.0 = Debug|Any CPU
		{4F94CAAC-F241-490E-99F5-EFD747136338}.UAT|Mixed Platforms.ActiveCfg = Debug|Any CPU
		{4F94CAAC-F241-490E-99F5-EFD747136338}.UAT|Mixed Platforms.Build.0 = Debug|Any CPU
		{4F94CAAC-F241-490E-99F5-EFD747136338}.UAT|x86.ActiveCfg = Debug|Any CPU
		{4F94CAAC-F241-490E-99F5-EFD747136338}.UAT|x86.Build.0 = Debug|Any CPU
		{FB32B811-C654-4C3C-8B6C-0395CD7FCC5C}.Debug|Any CPU.ActiveCfg = Debug|Any CPU
		{FB32B811-C654-4C3C-8B6C-0395CD7FCC5C}.Debug|Any CPU.Build.0 = Debug|Any CPU
		{FB32B811-C654-4C3C-8B6C-0395CD7FCC5C}.Debug|Mixed Platforms.ActiveCfg = Debug|Any CPU
		{FB32B811-C654-4C3C-8B6C-0395CD7FCC5C}.Debug|Mixed Platforms.Build.0 = Debug|Any CPU
		{FB32B811-C654-4C3C-8B6C-0395CD7FCC5C}.Debug|x86.ActiveCfg = Debug|Any CPU
		{FB32B811-C654-4C3C-8B6C-0395CD7FCC5C}.Debug|x86.Build.0 = Debug|Any CPU
		{FB32B811-C654-4C3C-8B6C-0395CD7FCC5C}.Demo|Any CPU.ActiveCfg = Debug|Any CPU
		{FB32B811-C654-4C3C-8B6C-0395CD7FCC5C}.Demo|Any CPU.Build.0 = Debug|Any CPU
		{FB32B811-C654-4C3C-8B6C-0395CD7FCC5C}.Demo|Mixed Platforms.ActiveCfg = Debug|Any CPU
		{FB32B811-C654-4C3C-8B6C-0395CD7FCC5C}.Demo|Mixed Platforms.Build.0 = Debug|Any CPU
		{FB32B811-C654-4C3C-8B6C-0395CD7FCC5C}.Demo|x86.ActiveCfg = Debug|Any CPU
		{FB32B811-C654-4C3C-8B6C-0395CD7FCC5C}.Demo|x86.Build.0 = Debug|Any CPU
		{FB32B811-C654-4C3C-8B6C-0395CD7FCC5C}.Dev|Any CPU.ActiveCfg = Debug|Any CPU
		{FB32B811-C654-4C3C-8B6C-0395CD7FCC5C}.Dev|Any CPU.Build.0 = Debug|Any CPU
		{FB32B811-C654-4C3C-8B6C-0395CD7FCC5C}.Dev|Mixed Platforms.ActiveCfg = Debug|Any CPU
		{FB32B811-C654-4C3C-8B6C-0395CD7FCC5C}.Dev|Mixed Platforms.Build.0 = Debug|Any CPU
		{FB32B811-C654-4C3C-8B6C-0395CD7FCC5C}.Dev|x86.ActiveCfg = Debug|Any CPU
		{FB32B811-C654-4C3C-8B6C-0395CD7FCC5C}.Dev|x86.Build.0 = Debug|Any CPU
		{FB32B811-C654-4C3C-8B6C-0395CD7FCC5C}.Develop|Any CPU.ActiveCfg = Debug|Any CPU
		{FB32B811-C654-4C3C-8B6C-0395CD7FCC5C}.Develop|Any CPU.Build.0 = Debug|Any CPU
		{FB32B811-C654-4C3C-8B6C-0395CD7FCC5C}.Develop|Mixed Platforms.ActiveCfg = Debug|Any CPU
		{FB32B811-C654-4C3C-8B6C-0395CD7FCC5C}.Develop|Mixed Platforms.Build.0 = Debug|Any CPU
		{FB32B811-C654-4C3C-8B6C-0395CD7FCC5C}.Develop|x86.ActiveCfg = Debug|Any CPU
		{FB32B811-C654-4C3C-8B6C-0395CD7FCC5C}.Develop|x86.Build.0 = Debug|Any CPU
		{FB32B811-C654-4C3C-8B6C-0395CD7FCC5C}.QA|Any CPU.ActiveCfg = Debug|Any CPU
		{FB32B811-C654-4C3C-8B6C-0395CD7FCC5C}.QA|Any CPU.Build.0 = Debug|Any CPU
		{FB32B811-C654-4C3C-8B6C-0395CD7FCC5C}.QA|Mixed Platforms.ActiveCfg = Debug|Any CPU
		{FB32B811-C654-4C3C-8B6C-0395CD7FCC5C}.QA|Mixed Platforms.Build.0 = Debug|Any CPU
		{FB32B811-C654-4C3C-8B6C-0395CD7FCC5C}.QA|x86.ActiveCfg = Debug|Any CPU
		{FB32B811-C654-4C3C-8B6C-0395CD7FCC5C}.QA|x86.Build.0 = Debug|Any CPU
		{FB32B811-C654-4C3C-8B6C-0395CD7FCC5C}.Release|Any CPU.ActiveCfg = Release|Any CPU
		{FB32B811-C654-4C3C-8B6C-0395CD7FCC5C}.Release|Any CPU.Build.0 = Release|Any CPU
		{FB32B811-C654-4C3C-8B6C-0395CD7FCC5C}.Release|Mixed Platforms.ActiveCfg = Release|Any CPU
		{FB32B811-C654-4C3C-8B6C-0395CD7FCC5C}.Release|Mixed Platforms.Build.0 = Release|Any CPU
		{FB32B811-C654-4C3C-8B6C-0395CD7FCC5C}.Release|x86.ActiveCfg = Release|Any CPU
		{FB32B811-C654-4C3C-8B6C-0395CD7FCC5C}.Release|x86.Build.0 = Release|Any CPU
		{FB32B811-C654-4C3C-8B6C-0395CD7FCC5C}.Staging|Any CPU.ActiveCfg = Debug|Any CPU
		{FB32B811-C654-4C3C-8B6C-0395CD7FCC5C}.Staging|Any CPU.Build.0 = Debug|Any CPU
		{FB32B811-C654-4C3C-8B6C-0395CD7FCC5C}.Staging|Mixed Platforms.ActiveCfg = Debug|Any CPU
		{FB32B811-C654-4C3C-8B6C-0395CD7FCC5C}.Staging|Mixed Platforms.Build.0 = Debug|Any CPU
		{FB32B811-C654-4C3C-8B6C-0395CD7FCC5C}.Staging|x86.ActiveCfg = Debug|Any CPU
		{FB32B811-C654-4C3C-8B6C-0395CD7FCC5C}.Staging|x86.Build.0 = Debug|Any CPU
		{FB32B811-C654-4C3C-8B6C-0395CD7FCC5C}.UAT|Any CPU.ActiveCfg = Debug|Any CPU
		{FB32B811-C654-4C3C-8B6C-0395CD7FCC5C}.UAT|Any CPU.Build.0 = Debug|Any CPU
		{FB32B811-C654-4C3C-8B6C-0395CD7FCC5C}.UAT|Mixed Platforms.ActiveCfg = Debug|Any CPU
		{FB32B811-C654-4C3C-8B6C-0395CD7FCC5C}.UAT|Mixed Platforms.Build.0 = Debug|Any CPU
		{FB32B811-C654-4C3C-8B6C-0395CD7FCC5C}.UAT|x86.ActiveCfg = Debug|Any CPU
		{FB32B811-C654-4C3C-8B6C-0395CD7FCC5C}.UAT|x86.Build.0 = Debug|Any CPU
		{FAC02538-BB2B-42E2-BE7B-0301AD99C636}.Debug|Any CPU.ActiveCfg = Debug|Any CPU
		{FAC02538-BB2B-42E2-BE7B-0301AD99C636}.Debug|Any CPU.Build.0 = Debug|Any CPU
		{FAC02538-BB2B-42E2-BE7B-0301AD99C636}.Debug|Mixed Platforms.ActiveCfg = Debug|Any CPU
		{FAC02538-BB2B-42E2-BE7B-0301AD99C636}.Debug|Mixed Platforms.Build.0 = Debug|Any CPU
		{FAC02538-BB2B-42E2-BE7B-0301AD99C636}.Debug|x86.ActiveCfg = Debug|Any CPU
		{FAC02538-BB2B-42E2-BE7B-0301AD99C636}.Debug|x86.Build.0 = Debug|Any CPU
		{FAC02538-BB2B-42E2-BE7B-0301AD99C636}.Demo|Any CPU.ActiveCfg = Debug|Any CPU
		{FAC02538-BB2B-42E2-BE7B-0301AD99C636}.Demo|Any CPU.Build.0 = Debug|Any CPU
		{FAC02538-BB2B-42E2-BE7B-0301AD99C636}.Demo|Mixed Platforms.ActiveCfg = Debug|Any CPU
		{FAC02538-BB2B-42E2-BE7B-0301AD99C636}.Demo|Mixed Platforms.Build.0 = Debug|Any CPU
		{FAC02538-BB2B-42E2-BE7B-0301AD99C636}.Demo|x86.ActiveCfg = Debug|Any CPU
		{FAC02538-BB2B-42E2-BE7B-0301AD99C636}.Demo|x86.Build.0 = Debug|Any CPU
		{FAC02538-BB2B-42E2-BE7B-0301AD99C636}.Dev|Any CPU.ActiveCfg = Debug|Any CPU
		{FAC02538-BB2B-42E2-BE7B-0301AD99C636}.Dev|Any CPU.Build.0 = Debug|Any CPU
		{FAC02538-BB2B-42E2-BE7B-0301AD99C636}.Dev|Mixed Platforms.ActiveCfg = Debug|Any CPU
		{FAC02538-BB2B-42E2-BE7B-0301AD99C636}.Dev|Mixed Platforms.Build.0 = Debug|Any CPU
		{FAC02538-BB2B-42E2-BE7B-0301AD99C636}.Dev|x86.ActiveCfg = Debug|Any CPU
		{FAC02538-BB2B-42E2-BE7B-0301AD99C636}.Dev|x86.Build.0 = Debug|Any CPU
		{FAC02538-BB2B-42E2-BE7B-0301AD99C636}.Develop|Any CPU.ActiveCfg = Debug|Any CPU
		{FAC02538-BB2B-42E2-BE7B-0301AD99C636}.Develop|Any CPU.Build.0 = Debug|Any CPU
		{FAC02538-BB2B-42E2-BE7B-0301AD99C636}.Develop|Mixed Platforms.ActiveCfg = Debug|Any CPU
		{FAC02538-BB2B-42E2-BE7B-0301AD99C636}.Develop|Mixed Platforms.Build.0 = Debug|Any CPU
		{FAC02538-BB2B-42E2-BE7B-0301AD99C636}.Develop|x86.ActiveCfg = Debug|Any CPU
		{FAC02538-BB2B-42E2-BE7B-0301AD99C636}.Develop|x86.Build.0 = Debug|Any CPU
		{FAC02538-BB2B-42E2-BE7B-0301AD99C636}.QA|Any CPU.ActiveCfg = Debug|Any CPU
		{FAC02538-BB2B-42E2-BE7B-0301AD99C636}.QA|Any CPU.Build.0 = Debug|Any CPU
		{FAC02538-BB2B-42E2-BE7B-0301AD99C636}.QA|Mixed Platforms.ActiveCfg = Debug|Any CPU
		{FAC02538-BB2B-42E2-BE7B-0301AD99C636}.QA|Mixed Platforms.Build.0 = Debug|Any CPU
		{FAC02538-BB2B-42E2-BE7B-0301AD99C636}.QA|x86.ActiveCfg = Debug|Any CPU
		{FAC02538-BB2B-42E2-BE7B-0301AD99C636}.QA|x86.Build.0 = Debug|Any CPU
		{FAC02538-BB2B-42E2-BE7B-0301AD99C636}.Release|Any CPU.ActiveCfg = Release|Any CPU
		{FAC02538-BB2B-42E2-BE7B-0301AD99C636}.Release|Any CPU.Build.0 = Release|Any CPU
		{FAC02538-BB2B-42E2-BE7B-0301AD99C636}.Release|Mixed Platforms.ActiveCfg = Release|Any CPU
		{FAC02538-BB2B-42E2-BE7B-0301AD99C636}.Release|Mixed Platforms.Build.0 = Release|Any CPU
		{FAC02538-BB2B-42E2-BE7B-0301AD99C636}.Release|x86.ActiveCfg = Release|Any CPU
		{FAC02538-BB2B-42E2-BE7B-0301AD99C636}.Release|x86.Build.0 = Release|Any CPU
		{FAC02538-BB2B-42E2-BE7B-0301AD99C636}.Staging|Any CPU.ActiveCfg = Debug|Any CPU
		{FAC02538-BB2B-42E2-BE7B-0301AD99C636}.Staging|Any CPU.Build.0 = Debug|Any CPU
		{FAC02538-BB2B-42E2-BE7B-0301AD99C636}.Staging|Mixed Platforms.ActiveCfg = Debug|Any CPU
		{FAC02538-BB2B-42E2-BE7B-0301AD99C636}.Staging|Mixed Platforms.Build.0 = Debug|Any CPU
		{FAC02538-BB2B-42E2-BE7B-0301AD99C636}.Staging|x86.ActiveCfg = Debug|Any CPU
		{FAC02538-BB2B-42E2-BE7B-0301AD99C636}.Staging|x86.Build.0 = Debug|Any CPU
		{FAC02538-BB2B-42E2-BE7B-0301AD99C636}.UAT|Any CPU.ActiveCfg = Debug|Any CPU
		{FAC02538-BB2B-42E2-BE7B-0301AD99C636}.UAT|Any CPU.Build.0 = Debug|Any CPU
		{FAC02538-BB2B-42E2-BE7B-0301AD99C636}.UAT|Mixed Platforms.ActiveCfg = Debug|Any CPU
		{FAC02538-BB2B-42E2-BE7B-0301AD99C636}.UAT|Mixed Platforms.Build.0 = Debug|Any CPU
		{FAC02538-BB2B-42E2-BE7B-0301AD99C636}.UAT|x86.ActiveCfg = Debug|Any CPU
		{FAC02538-BB2B-42E2-BE7B-0301AD99C636}.UAT|x86.Build.0 = Debug|Any CPU
		{937671DF-73D7-4F4D-9177-69056ADAEC08}.Debug|Any CPU.ActiveCfg = Debug|Any CPU
		{937671DF-73D7-4F4D-9177-69056ADAEC08}.Debug|Any CPU.Build.0 = Debug|Any CPU
		{937671DF-73D7-4F4D-9177-69056ADAEC08}.Debug|Mixed Platforms.ActiveCfg = Debug|Any CPU
		{937671DF-73D7-4F4D-9177-69056ADAEC08}.Debug|Mixed Platforms.Build.0 = Debug|Any CPU
		{937671DF-73D7-4F4D-9177-69056ADAEC08}.Debug|x86.ActiveCfg = Debug|Any CPU
		{937671DF-73D7-4F4D-9177-69056ADAEC08}.Debug|x86.Build.0 = Debug|Any CPU
		{937671DF-73D7-4F4D-9177-69056ADAEC08}.Demo|Any CPU.ActiveCfg = Debug|Any CPU
		{937671DF-73D7-4F4D-9177-69056ADAEC08}.Demo|Any CPU.Build.0 = Debug|Any CPU
		{937671DF-73D7-4F4D-9177-69056ADAEC08}.Demo|Mixed Platforms.ActiveCfg = Debug|Any CPU
		{937671DF-73D7-4F4D-9177-69056ADAEC08}.Demo|Mixed Platforms.Build.0 = Debug|Any CPU
		{937671DF-73D7-4F4D-9177-69056ADAEC08}.Demo|x86.ActiveCfg = Debug|Any CPU
		{937671DF-73D7-4F4D-9177-69056ADAEC08}.Demo|x86.Build.0 = Debug|Any CPU
		{937671DF-73D7-4F4D-9177-69056ADAEC08}.Dev|Any CPU.ActiveCfg = Debug|Any CPU
		{937671DF-73D7-4F4D-9177-69056ADAEC08}.Dev|Any CPU.Build.0 = Debug|Any CPU
		{937671DF-73D7-4F4D-9177-69056ADAEC08}.Dev|Mixed Platforms.ActiveCfg = Debug|Any CPU
		{937671DF-73D7-4F4D-9177-69056ADAEC08}.Dev|Mixed Platforms.Build.0 = Debug|Any CPU
		{937671DF-73D7-4F4D-9177-69056ADAEC08}.Dev|x86.ActiveCfg = Debug|Any CPU
		{937671DF-73D7-4F4D-9177-69056ADAEC08}.Dev|x86.Build.0 = Debug|Any CPU
		{937671DF-73D7-4F4D-9177-69056ADAEC08}.Develop|Any CPU.ActiveCfg = Debug|Any CPU
		{937671DF-73D7-4F4D-9177-69056ADAEC08}.Develop|Any CPU.Build.0 = Debug|Any CPU
		{937671DF-73D7-4F4D-9177-69056ADAEC08}.Develop|Mixed Platforms.ActiveCfg = Debug|Any CPU
		{937671DF-73D7-4F4D-9177-69056ADAEC08}.Develop|Mixed Platforms.Build.0 = Debug|Any CPU
		{937671DF-73D7-4F4D-9177-69056ADAEC08}.Develop|x86.ActiveCfg = Debug|Any CPU
		{937671DF-73D7-4F4D-9177-69056ADAEC08}.Develop|x86.Build.0 = Debug|Any CPU
		{937671DF-73D7-4F4D-9177-69056ADAEC08}.QA|Any CPU.ActiveCfg = Debug|Any CPU
		{937671DF-73D7-4F4D-9177-69056ADAEC08}.QA|Any CPU.Build.0 = Debug|Any CPU
		{937671DF-73D7-4F4D-9177-69056ADAEC08}.QA|Mixed Platforms.ActiveCfg = Debug|Any CPU
		{937671DF-73D7-4F4D-9177-69056ADAEC08}.QA|Mixed Platforms.Build.0 = Debug|Any CPU
		{937671DF-73D7-4F4D-9177-69056ADAEC08}.QA|x86.ActiveCfg = Debug|Any CPU
		{937671DF-73D7-4F4D-9177-69056ADAEC08}.QA|x86.Build.0 = Debug|Any CPU
		{937671DF-73D7-4F4D-9177-69056ADAEC08}.Release|Any CPU.ActiveCfg = Release|Any CPU
		{937671DF-73D7-4F4D-9177-69056ADAEC08}.Release|Any CPU.Build.0 = Release|Any CPU
		{937671DF-73D7-4F4D-9177-69056ADAEC08}.Release|Mixed Platforms.ActiveCfg = Release|Any CPU
		{937671DF-73D7-4F4D-9177-69056ADAEC08}.Release|Mixed Platforms.Build.0 = Release|Any CPU
		{937671DF-73D7-4F4D-9177-69056ADAEC08}.Release|x86.ActiveCfg = Release|Any CPU
		{937671DF-73D7-4F4D-9177-69056ADAEC08}.Release|x86.Build.0 = Release|Any CPU
		{937671DF-73D7-4F4D-9177-69056ADAEC08}.Staging|Any CPU.ActiveCfg = Debug|Any CPU
		{937671DF-73D7-4F4D-9177-69056ADAEC08}.Staging|Any CPU.Build.0 = Debug|Any CPU
		{937671DF-73D7-4F4D-9177-69056ADAEC08}.Staging|Mixed Platforms.ActiveCfg = Debug|Any CPU
		{937671DF-73D7-4F4D-9177-69056ADAEC08}.Staging|Mixed Platforms.Build.0 = Debug|Any CPU
		{937671DF-73D7-4F4D-9177-69056ADAEC08}.Staging|x86.ActiveCfg = Debug|Any CPU
		{937671DF-73D7-4F4D-9177-69056ADAEC08}.Staging|x86.Build.0 = Debug|Any CPU
		{937671DF-73D7-4F4D-9177-69056ADAEC08}.UAT|Any CPU.ActiveCfg = Debug|Any CPU
		{937671DF-73D7-4F4D-9177-69056ADAEC08}.UAT|Any CPU.Build.0 = Debug|Any CPU
		{937671DF-73D7-4F4D-9177-69056ADAEC08}.UAT|Mixed Platforms.ActiveCfg = Debug|Any CPU
		{937671DF-73D7-4F4D-9177-69056ADAEC08}.UAT|Mixed Platforms.Build.0 = Debug|Any CPU
		{937671DF-73D7-4F4D-9177-69056ADAEC08}.UAT|x86.ActiveCfg = Debug|Any CPU
		{937671DF-73D7-4F4D-9177-69056ADAEC08}.UAT|x86.Build.0 = Debug|Any CPU
		{736B7E76-DAD7-4206-B464-34B33ECB17E6}.Debug|Any CPU.ActiveCfg = Debug|Any CPU
		{736B7E76-DAD7-4206-B464-34B33ECB17E6}.Debug|Any CPU.Build.0 = Debug|Any CPU
		{736B7E76-DAD7-4206-B464-34B33ECB17E6}.Debug|Mixed Platforms.ActiveCfg = Debug|Any CPU
		{736B7E76-DAD7-4206-B464-34B33ECB17E6}.Debug|Mixed Platforms.Build.0 = Debug|Any CPU
		{736B7E76-DAD7-4206-B464-34B33ECB17E6}.Debug|x86.ActiveCfg = Debug|Any CPU
		{736B7E76-DAD7-4206-B464-34B33ECB17E6}.Debug|x86.Build.0 = Debug|Any CPU
		{736B7E76-DAD7-4206-B464-34B33ECB17E6}.Demo|Any CPU.ActiveCfg = Debug|Any CPU
		{736B7E76-DAD7-4206-B464-34B33ECB17E6}.Demo|Any CPU.Build.0 = Debug|Any CPU
		{736B7E76-DAD7-4206-B464-34B33ECB17E6}.Demo|Mixed Platforms.ActiveCfg = Debug|Any CPU
		{736B7E76-DAD7-4206-B464-34B33ECB17E6}.Demo|Mixed Platforms.Build.0 = Debug|Any CPU
		{736B7E76-DAD7-4206-B464-34B33ECB17E6}.Demo|x86.ActiveCfg = Debug|Any CPU
		{736B7E76-DAD7-4206-B464-34B33ECB17E6}.Demo|x86.Build.0 = Debug|Any CPU
		{736B7E76-DAD7-4206-B464-34B33ECB17E6}.Dev|Any CPU.ActiveCfg = Debug|Any CPU
		{736B7E76-DAD7-4206-B464-34B33ECB17E6}.Dev|Any CPU.Build.0 = Debug|Any CPU
		{736B7E76-DAD7-4206-B464-34B33ECB17E6}.Dev|Mixed Platforms.ActiveCfg = Debug|Any CPU
		{736B7E76-DAD7-4206-B464-34B33ECB17E6}.Dev|Mixed Platforms.Build.0 = Debug|Any CPU
		{736B7E76-DAD7-4206-B464-34B33ECB17E6}.Dev|x86.ActiveCfg = Debug|Any CPU
		{736B7E76-DAD7-4206-B464-34B33ECB17E6}.Dev|x86.Build.0 = Debug|Any CPU
		{736B7E76-DAD7-4206-B464-34B33ECB17E6}.Develop|Any CPU.ActiveCfg = Debug|Any CPU
		{736B7E76-DAD7-4206-B464-34B33ECB17E6}.Develop|Any CPU.Build.0 = Debug|Any CPU
		{736B7E76-DAD7-4206-B464-34B33ECB17E6}.Develop|Mixed Platforms.ActiveCfg = Debug|Any CPU
		{736B7E76-DAD7-4206-B464-34B33ECB17E6}.Develop|Mixed Platforms.Build.0 = Debug|Any CPU
		{736B7E76-DAD7-4206-B464-34B33ECB17E6}.Develop|x86.ActiveCfg = Debug|Any CPU
		{736B7E76-DAD7-4206-B464-34B33ECB17E6}.Develop|x86.Build.0 = Debug|Any CPU
		{736B7E76-DAD7-4206-B464-34B33ECB17E6}.QA|Any CPU.ActiveCfg = UAT|Any CPU
		{736B7E76-DAD7-4206-B464-34B33ECB17E6}.QA|Any CPU.Build.0 = UAT|Any CPU
		{736B7E76-DAD7-4206-B464-34B33ECB17E6}.QA|Mixed Platforms.ActiveCfg = UAT|Any CPU
		{736B7E76-DAD7-4206-B464-34B33ECB17E6}.QA|Mixed Platforms.Build.0 = UAT|Any CPU
		{736B7E76-DAD7-4206-B464-34B33ECB17E6}.QA|x86.ActiveCfg = UAT|Any CPU
		{736B7E76-DAD7-4206-B464-34B33ECB17E6}.QA|x86.Build.0 = UAT|Any CPU
		{736B7E76-DAD7-4206-B464-34B33ECB17E6}.Release|Any CPU.ActiveCfg = Release|Any CPU
		{736B7E76-DAD7-4206-B464-34B33ECB17E6}.Release|Any CPU.Build.0 = Release|Any CPU
		{736B7E76-DAD7-4206-B464-34B33ECB17E6}.Release|Mixed Platforms.ActiveCfg = Release|Any CPU
		{736B7E76-DAD7-4206-B464-34B33ECB17E6}.Release|Mixed Platforms.Build.0 = Release|Any CPU
		{736B7E76-DAD7-4206-B464-34B33ECB17E6}.Release|x86.ActiveCfg = Release|Any CPU
		{736B7E76-DAD7-4206-B464-34B33ECB17E6}.Release|x86.Build.0 = Release|Any CPU
		{736B7E76-DAD7-4206-B464-34B33ECB17E6}.Staging|Any CPU.ActiveCfg = UAT|Any CPU
		{736B7E76-DAD7-4206-B464-34B33ECB17E6}.Staging|Any CPU.Build.0 = UAT|Any CPU
		{736B7E76-DAD7-4206-B464-34B33ECB17E6}.Staging|Mixed Platforms.ActiveCfg = UAT|Any CPU
		{736B7E76-DAD7-4206-B464-34B33ECB17E6}.Staging|Mixed Platforms.Build.0 = UAT|Any CPU
		{736B7E76-DAD7-4206-B464-34B33ECB17E6}.Staging|x86.ActiveCfg = UAT|Any CPU
		{736B7E76-DAD7-4206-B464-34B33ECB17E6}.Staging|x86.Build.0 = UAT|Any CPU
		{736B7E76-DAD7-4206-B464-34B33ECB17E6}.UAT|Any CPU.ActiveCfg = UAT|Any CPU
		{736B7E76-DAD7-4206-B464-34B33ECB17E6}.UAT|Any CPU.Build.0 = UAT|Any CPU
		{736B7E76-DAD7-4206-B464-34B33ECB17E6}.UAT|Mixed Platforms.ActiveCfg = UAT|Any CPU
		{736B7E76-DAD7-4206-B464-34B33ECB17E6}.UAT|Mixed Platforms.Build.0 = UAT|Any CPU
		{736B7E76-DAD7-4206-B464-34B33ECB17E6}.UAT|x86.ActiveCfg = UAT|Any CPU
		{736B7E76-DAD7-4206-B464-34B33ECB17E6}.UAT|x86.Build.0 = UAT|Any CPU
		{46486879-7B58-4731-8B0E-84D0B0FA37A4}.Debug|Any CPU.ActiveCfg = Debug|Any CPU
		{46486879-7B58-4731-8B0E-84D0B0FA37A4}.Debug|Any CPU.Build.0 = Debug|Any CPU
		{46486879-7B58-4731-8B0E-84D0B0FA37A4}.Debug|Mixed Platforms.ActiveCfg = Debug|Any CPU
		{46486879-7B58-4731-8B0E-84D0B0FA37A4}.Debug|Mixed Platforms.Build.0 = Debug|Any CPU
		{46486879-7B58-4731-8B0E-84D0B0FA37A4}.Debug|x86.ActiveCfg = Debug|Any CPU
		{46486879-7B58-4731-8B0E-84D0B0FA37A4}.Debug|x86.Build.0 = Debug|Any CPU
		{46486879-7B58-4731-8B0E-84D0B0FA37A4}.Demo|Any CPU.ActiveCfg = Debug|Any CPU
		{46486879-7B58-4731-8B0E-84D0B0FA37A4}.Demo|Any CPU.Build.0 = Debug|Any CPU
		{46486879-7B58-4731-8B0E-84D0B0FA37A4}.Demo|Mixed Platforms.ActiveCfg = Debug|Any CPU
		{46486879-7B58-4731-8B0E-84D0B0FA37A4}.Demo|Mixed Platforms.Build.0 = Debug|Any CPU
		{46486879-7B58-4731-8B0E-84D0B0FA37A4}.Demo|x86.ActiveCfg = Debug|Any CPU
		{46486879-7B58-4731-8B0E-84D0B0FA37A4}.Demo|x86.Build.0 = Debug|Any CPU
		{46486879-7B58-4731-8B0E-84D0B0FA37A4}.Dev|Any CPU.ActiveCfg = Debug|Any CPU
		{46486879-7B58-4731-8B0E-84D0B0FA37A4}.Dev|Any CPU.Build.0 = Debug|Any CPU
		{46486879-7B58-4731-8B0E-84D0B0FA37A4}.Dev|Mixed Platforms.ActiveCfg = Debug|Any CPU
		{46486879-7B58-4731-8B0E-84D0B0FA37A4}.Dev|Mixed Platforms.Build.0 = Debug|Any CPU
		{46486879-7B58-4731-8B0E-84D0B0FA37A4}.Dev|x86.ActiveCfg = Debug|Any CPU
		{46486879-7B58-4731-8B0E-84D0B0FA37A4}.Dev|x86.Build.0 = Debug|Any CPU
		{46486879-7B58-4731-8B0E-84D0B0FA37A4}.Develop|Any CPU.ActiveCfg = Debug|Any CPU
		{46486879-7B58-4731-8B0E-84D0B0FA37A4}.Develop|Any CPU.Build.0 = Debug|Any CPU
		{46486879-7B58-4731-8B0E-84D0B0FA37A4}.Develop|Mixed Platforms.ActiveCfg = Debug|Any CPU
		{46486879-7B58-4731-8B0E-84D0B0FA37A4}.Develop|Mixed Platforms.Build.0 = Debug|Any CPU
		{46486879-7B58-4731-8B0E-84D0B0FA37A4}.Develop|x86.ActiveCfg = Debug|Any CPU
		{46486879-7B58-4731-8B0E-84D0B0FA37A4}.Develop|x86.Build.0 = Debug|Any CPU
		{46486879-7B58-4731-8B0E-84D0B0FA37A4}.QA|Any CPU.ActiveCfg = Release|Any CPU
		{46486879-7B58-4731-8B0E-84D0B0FA37A4}.QA|Any CPU.Build.0 = Release|Any CPU
		{46486879-7B58-4731-8B0E-84D0B0FA37A4}.QA|Mixed Platforms.ActiveCfg = Release|Any CPU
		{46486879-7B58-4731-8B0E-84D0B0FA37A4}.QA|Mixed Platforms.Build.0 = Release|Any CPU
		{46486879-7B58-4731-8B0E-84D0B0FA37A4}.QA|x86.ActiveCfg = Release|Any CPU
		{46486879-7B58-4731-8B0E-84D0B0FA37A4}.QA|x86.Build.0 = Release|Any CPU
		{46486879-7B58-4731-8B0E-84D0B0FA37A4}.Release|Any CPU.ActiveCfg = Release|Any CPU
		{46486879-7B58-4731-8B0E-84D0B0FA37A4}.Release|Any CPU.Build.0 = Release|Any CPU
		{46486879-7B58-4731-8B0E-84D0B0FA37A4}.Release|Mixed Platforms.ActiveCfg = Release|Any CPU
		{46486879-7B58-4731-8B0E-84D0B0FA37A4}.Release|Mixed Platforms.Build.0 = Release|Any CPU
		{46486879-7B58-4731-8B0E-84D0B0FA37A4}.Release|x86.ActiveCfg = Release|Any CPU
		{46486879-7B58-4731-8B0E-84D0B0FA37A4}.Release|x86.Build.0 = Release|Any CPU
		{46486879-7B58-4731-8B0E-84D0B0FA37A4}.Staging|Any CPU.ActiveCfg = Release|Any CPU
		{46486879-7B58-4731-8B0E-84D0B0FA37A4}.Staging|Any CPU.Build.0 = Release|Any CPU
		{46486879-7B58-4731-8B0E-84D0B0FA37A4}.Staging|Mixed Platforms.ActiveCfg = Release|Any CPU
		{46486879-7B58-4731-8B0E-84D0B0FA37A4}.Staging|Mixed Platforms.Build.0 = Release|Any CPU
		{46486879-7B58-4731-8B0E-84D0B0FA37A4}.Staging|x86.ActiveCfg = Release|Any CPU
		{46486879-7B58-4731-8B0E-84D0B0FA37A4}.Staging|x86.Build.0 = Release|Any CPU
		{46486879-7B58-4731-8B0E-84D0B0FA37A4}.UAT|Any CPU.ActiveCfg = Release|Any CPU
		{46486879-7B58-4731-8B0E-84D0B0FA37A4}.UAT|Any CPU.Build.0 = Release|Any CPU
		{46486879-7B58-4731-8B0E-84D0B0FA37A4}.UAT|Mixed Platforms.ActiveCfg = Release|Any CPU
		{46486879-7B58-4731-8B0E-84D0B0FA37A4}.UAT|Mixed Platforms.Build.0 = Release|Any CPU
		{46486879-7B58-4731-8B0E-84D0B0FA37A4}.UAT|x86.ActiveCfg = Release|Any CPU
		{46486879-7B58-4731-8B0E-84D0B0FA37A4}.UAT|x86.Build.0 = Release|Any CPU
		{3DA8E98A-A7B6-4313-8708-6327A80B066A}.Debug|Any CPU.ActiveCfg = Debug|Any CPU
		{3DA8E98A-A7B6-4313-8708-6327A80B066A}.Debug|Any CPU.Build.0 = Debug|Any CPU
		{3DA8E98A-A7B6-4313-8708-6327A80B066A}.Debug|Mixed Platforms.ActiveCfg = Debug|Any CPU
		{3DA8E98A-A7B6-4313-8708-6327A80B066A}.Debug|Mixed Platforms.Build.0 = Debug|Any CPU
		{3DA8E98A-A7B6-4313-8708-6327A80B066A}.Debug|x86.ActiveCfg = Debug|Any CPU
		{3DA8E98A-A7B6-4313-8708-6327A80B066A}.Debug|x86.Build.0 = Debug|Any CPU
		{3DA8E98A-A7B6-4313-8708-6327A80B066A}.Demo|Any CPU.ActiveCfg = Debug|Any CPU
		{3DA8E98A-A7B6-4313-8708-6327A80B066A}.Demo|Any CPU.Build.0 = Debug|Any CPU
		{3DA8E98A-A7B6-4313-8708-6327A80B066A}.Demo|Mixed Platforms.ActiveCfg = Debug|Any CPU
		{3DA8E98A-A7B6-4313-8708-6327A80B066A}.Demo|Mixed Platforms.Build.0 = Debug|Any CPU
		{3DA8E98A-A7B6-4313-8708-6327A80B066A}.Demo|x86.ActiveCfg = Debug|Any CPU
		{3DA8E98A-A7B6-4313-8708-6327A80B066A}.Demo|x86.Build.0 = Debug|Any CPU
		{3DA8E98A-A7B6-4313-8708-6327A80B066A}.Dev|Any CPU.ActiveCfg = Debug|Any CPU
		{3DA8E98A-A7B6-4313-8708-6327A80B066A}.Dev|Any CPU.Build.0 = Debug|Any CPU
		{3DA8E98A-A7B6-4313-8708-6327A80B066A}.Dev|Mixed Platforms.ActiveCfg = Debug|Any CPU
		{3DA8E98A-A7B6-4313-8708-6327A80B066A}.Dev|Mixed Platforms.Build.0 = Debug|Any CPU
		{3DA8E98A-A7B6-4313-8708-6327A80B066A}.Dev|x86.ActiveCfg = Debug|Any CPU
		{3DA8E98A-A7B6-4313-8708-6327A80B066A}.Dev|x86.Build.0 = Debug|Any CPU
		{3DA8E98A-A7B6-4313-8708-6327A80B066A}.Develop|Any CPU.ActiveCfg = Debug|Any CPU
		{3DA8E98A-A7B6-4313-8708-6327A80B066A}.Develop|Any CPU.Build.0 = Debug|Any CPU
		{3DA8E98A-A7B6-4313-8708-6327A80B066A}.Develop|Mixed Platforms.ActiveCfg = Debug|Any CPU
		{3DA8E98A-A7B6-4313-8708-6327A80B066A}.Develop|Mixed Platforms.Build.0 = Debug|Any CPU
		{3DA8E98A-A7B6-4313-8708-6327A80B066A}.Develop|x86.ActiveCfg = Debug|Any CPU
		{3DA8E98A-A7B6-4313-8708-6327A80B066A}.Develop|x86.Build.0 = Debug|Any CPU
		{3DA8E98A-A7B6-4313-8708-6327A80B066A}.QA|Any CPU.ActiveCfg = Debug|Any CPU
		{3DA8E98A-A7B6-4313-8708-6327A80B066A}.QA|Any CPU.Build.0 = Debug|Any CPU
		{3DA8E98A-A7B6-4313-8708-6327A80B066A}.QA|Mixed Platforms.ActiveCfg = Debug|Any CPU
		{3DA8E98A-A7B6-4313-8708-6327A80B066A}.QA|Mixed Platforms.Build.0 = Debug|Any CPU
		{3DA8E98A-A7B6-4313-8708-6327A80B066A}.QA|x86.ActiveCfg = Debug|Any CPU
		{3DA8E98A-A7B6-4313-8708-6327A80B066A}.QA|x86.Build.0 = Debug|Any CPU
		{3DA8E98A-A7B6-4313-8708-6327A80B066A}.Release|Any CPU.ActiveCfg = Release|Any CPU
		{3DA8E98A-A7B6-4313-8708-6327A80B066A}.Release|Any CPU.Build.0 = Release|Any CPU
		{3DA8E98A-A7B6-4313-8708-6327A80B066A}.Release|Mixed Platforms.ActiveCfg = Release|Any CPU
		{3DA8E98A-A7B6-4313-8708-6327A80B066A}.Release|Mixed Platforms.Build.0 = Release|Any CPU
		{3DA8E98A-A7B6-4313-8708-6327A80B066A}.Release|x86.ActiveCfg = Release|Any CPU
		{3DA8E98A-A7B6-4313-8708-6327A80B066A}.Release|x86.Build.0 = Release|Any CPU
		{3DA8E98A-A7B6-4313-8708-6327A80B066A}.Staging|Any CPU.ActiveCfg = Debug|Any CPU
		{3DA8E98A-A7B6-4313-8708-6327A80B066A}.Staging|Any CPU.Build.0 = Debug|Any CPU
		{3DA8E98A-A7B6-4313-8708-6327A80B066A}.Staging|Mixed Platforms.ActiveCfg = Debug|Any CPU
		{3DA8E98A-A7B6-4313-8708-6327A80B066A}.Staging|Mixed Platforms.Build.0 = Debug|Any CPU
		{3DA8E98A-A7B6-4313-8708-6327A80B066A}.Staging|x86.ActiveCfg = Debug|Any CPU
		{3DA8E98A-A7B6-4313-8708-6327A80B066A}.Staging|x86.Build.0 = Debug|Any CPU
		{3DA8E98A-A7B6-4313-8708-6327A80B066A}.UAT|Any CPU.ActiveCfg = Debug|Any CPU
		{3DA8E98A-A7B6-4313-8708-6327A80B066A}.UAT|Any CPU.Build.0 = Debug|Any CPU
		{3DA8E98A-A7B6-4313-8708-6327A80B066A}.UAT|Mixed Platforms.ActiveCfg = Debug|Any CPU
		{3DA8E98A-A7B6-4313-8708-6327A80B066A}.UAT|Mixed Platforms.Build.0 = Debug|Any CPU
		{3DA8E98A-A7B6-4313-8708-6327A80B066A}.UAT|x86.ActiveCfg = Debug|Any CPU
		{3DA8E98A-A7B6-4313-8708-6327A80B066A}.UAT|x86.Build.0 = Debug|Any CPU
		{C10236AE-F97C-417B-A882-67B1CF2CE7F7}.Debug|Any CPU.ActiveCfg = Debug|Any CPU
		{C10236AE-F97C-417B-A882-67B1CF2CE7F7}.Debug|Any CPU.Build.0 = Debug|Any CPU
		{C10236AE-F97C-417B-A882-67B1CF2CE7F7}.Debug|Mixed Platforms.ActiveCfg = Debug|Any CPU
		{C10236AE-F97C-417B-A882-67B1CF2CE7F7}.Debug|Mixed Platforms.Build.0 = Debug|Any CPU
		{C10236AE-F97C-417B-A882-67B1CF2CE7F7}.Debug|x86.ActiveCfg = Debug|Any CPU
		{C10236AE-F97C-417B-A882-67B1CF2CE7F7}.Debug|x86.Build.0 = Debug|Any CPU
		{C10236AE-F97C-417B-A882-67B1CF2CE7F7}.Demo|Any CPU.ActiveCfg = Debug|Any CPU
		{C10236AE-F97C-417B-A882-67B1CF2CE7F7}.Demo|Any CPU.Build.0 = Debug|Any CPU
		{C10236AE-F97C-417B-A882-67B1CF2CE7F7}.Demo|Mixed Platforms.ActiveCfg = Debug|Any CPU
		{C10236AE-F97C-417B-A882-67B1CF2CE7F7}.Demo|Mixed Platforms.Build.0 = Debug|Any CPU
		{C10236AE-F97C-417B-A882-67B1CF2CE7F7}.Demo|x86.ActiveCfg = Debug|Any CPU
		{C10236AE-F97C-417B-A882-67B1CF2CE7F7}.Demo|x86.Build.0 = Debug|Any CPU
		{C10236AE-F97C-417B-A882-67B1CF2CE7F7}.Dev|Any CPU.ActiveCfg = Debug|Any CPU
		{C10236AE-F97C-417B-A882-67B1CF2CE7F7}.Dev|Any CPU.Build.0 = Debug|Any CPU
		{C10236AE-F97C-417B-A882-67B1CF2CE7F7}.Dev|Mixed Platforms.ActiveCfg = Debug|Any CPU
		{C10236AE-F97C-417B-A882-67B1CF2CE7F7}.Dev|Mixed Platforms.Build.0 = Debug|Any CPU
		{C10236AE-F97C-417B-A882-67B1CF2CE7F7}.Dev|x86.ActiveCfg = Debug|Any CPU
		{C10236AE-F97C-417B-A882-67B1CF2CE7F7}.Dev|x86.Build.0 = Debug|Any CPU
		{C10236AE-F97C-417B-A882-67B1CF2CE7F7}.Develop|Any CPU.ActiveCfg = Debug|Any CPU
		{C10236AE-F97C-417B-A882-67B1CF2CE7F7}.Develop|Any CPU.Build.0 = Debug|Any CPU
		{C10236AE-F97C-417B-A882-67B1CF2CE7F7}.Develop|Mixed Platforms.ActiveCfg = Debug|Any CPU
		{C10236AE-F97C-417B-A882-67B1CF2CE7F7}.Develop|Mixed Platforms.Build.0 = Debug|Any CPU
		{C10236AE-F97C-417B-A882-67B1CF2CE7F7}.Develop|x86.ActiveCfg = Debug|Any CPU
		{C10236AE-F97C-417B-A882-67B1CF2CE7F7}.Develop|x86.Build.0 = Debug|Any CPU
		{C10236AE-F97C-417B-A882-67B1CF2CE7F7}.QA|Any CPU.ActiveCfg = Debug|Any CPU
		{C10236AE-F97C-417B-A882-67B1CF2CE7F7}.QA|Any CPU.Build.0 = Debug|Any CPU
		{C10236AE-F97C-417B-A882-67B1CF2CE7F7}.QA|Mixed Platforms.ActiveCfg = Debug|Any CPU
		{C10236AE-F97C-417B-A882-67B1CF2CE7F7}.QA|Mixed Platforms.Build.0 = Debug|Any CPU
		{C10236AE-F97C-417B-A882-67B1CF2CE7F7}.QA|x86.ActiveCfg = Debug|Any CPU
		{C10236AE-F97C-417B-A882-67B1CF2CE7F7}.QA|x86.Build.0 = Debug|Any CPU
		{C10236AE-F97C-417B-A882-67B1CF2CE7F7}.Release|Any CPU.ActiveCfg = Release|Any CPU
		{C10236AE-F97C-417B-A882-67B1CF2CE7F7}.Release|Any CPU.Build.0 = Release|Any CPU
		{C10236AE-F97C-417B-A882-67B1CF2CE7F7}.Release|Mixed Platforms.ActiveCfg = Release|Any CPU
		{C10236AE-F97C-417B-A882-67B1CF2CE7F7}.Release|Mixed Platforms.Build.0 = Release|Any CPU
		{C10236AE-F97C-417B-A882-67B1CF2CE7F7}.Release|x86.ActiveCfg = Release|Any CPU
		{C10236AE-F97C-417B-A882-67B1CF2CE7F7}.Release|x86.Build.0 = Release|Any CPU
		{C10236AE-F97C-417B-A882-67B1CF2CE7F7}.Staging|Any CPU.ActiveCfg = Debug|Any CPU
		{C10236AE-F97C-417B-A882-67B1CF2CE7F7}.Staging|Any CPU.Build.0 = Debug|Any CPU
		{C10236AE-F97C-417B-A882-67B1CF2CE7F7}.Staging|Mixed Platforms.ActiveCfg = Debug|Any CPU
		{C10236AE-F97C-417B-A882-67B1CF2CE7F7}.Staging|Mixed Platforms.Build.0 = Debug|Any CPU
		{C10236AE-F97C-417B-A882-67B1CF2CE7F7}.Staging|x86.ActiveCfg = Debug|Any CPU
		{C10236AE-F97C-417B-A882-67B1CF2CE7F7}.Staging|x86.Build.0 = Debug|Any CPU
		{C10236AE-F97C-417B-A882-67B1CF2CE7F7}.UAT|Any CPU.ActiveCfg = Debug|Any CPU
		{C10236AE-F97C-417B-A882-67B1CF2CE7F7}.UAT|Any CPU.Build.0 = Debug|Any CPU
		{C10236AE-F97C-417B-A882-67B1CF2CE7F7}.UAT|Mixed Platforms.ActiveCfg = Debug|Any CPU
		{C10236AE-F97C-417B-A882-67B1CF2CE7F7}.UAT|Mixed Platforms.Build.0 = Debug|Any CPU
		{C10236AE-F97C-417B-A882-67B1CF2CE7F7}.UAT|x86.ActiveCfg = Debug|Any CPU
		{C10236AE-F97C-417B-A882-67B1CF2CE7F7}.UAT|x86.Build.0 = Debug|Any CPU
		{EBE9653D-C8EA-4004-BFF6-984A93D58B2B}.Debug|Any CPU.ActiveCfg = Debug|Any CPU
		{EBE9653D-C8EA-4004-BFF6-984A93D58B2B}.Debug|Any CPU.Build.0 = Debug|Any CPU
		{EBE9653D-C8EA-4004-BFF6-984A93D58B2B}.Debug|Mixed Platforms.ActiveCfg = Debug|Any CPU
		{EBE9653D-C8EA-4004-BFF6-984A93D58B2B}.Debug|Mixed Platforms.Build.0 = Debug|Any CPU
		{EBE9653D-C8EA-4004-BFF6-984A93D58B2B}.Debug|x86.ActiveCfg = Debug|Any CPU
		{EBE9653D-C8EA-4004-BFF6-984A93D58B2B}.Debug|x86.Build.0 = Debug|Any CPU
		{EBE9653D-C8EA-4004-BFF6-984A93D58B2B}.Demo|Any CPU.ActiveCfg = Debug|Any CPU
		{EBE9653D-C8EA-4004-BFF6-984A93D58B2B}.Demo|Any CPU.Build.0 = Debug|Any CPU
		{EBE9653D-C8EA-4004-BFF6-984A93D58B2B}.Demo|Mixed Platforms.ActiveCfg = Debug|Any CPU
		{EBE9653D-C8EA-4004-BFF6-984A93D58B2B}.Demo|Mixed Platforms.Build.0 = Debug|Any CPU
		{EBE9653D-C8EA-4004-BFF6-984A93D58B2B}.Demo|x86.ActiveCfg = Debug|Any CPU
		{EBE9653D-C8EA-4004-BFF6-984A93D58B2B}.Demo|x86.Build.0 = Debug|Any CPU
		{EBE9653D-C8EA-4004-BFF6-984A93D58B2B}.Dev|Any CPU.ActiveCfg = Debug|Any CPU
		{EBE9653D-C8EA-4004-BFF6-984A93D58B2B}.Dev|Any CPU.Build.0 = Debug|Any CPU
		{EBE9653D-C8EA-4004-BFF6-984A93D58B2B}.Dev|Mixed Platforms.ActiveCfg = Debug|Any CPU
		{EBE9653D-C8EA-4004-BFF6-984A93D58B2B}.Dev|Mixed Platforms.Build.0 = Debug|Any CPU
		{EBE9653D-C8EA-4004-BFF6-984A93D58B2B}.Dev|x86.ActiveCfg = Debug|Any CPU
		{EBE9653D-C8EA-4004-BFF6-984A93D58B2B}.Dev|x86.Build.0 = Debug|Any CPU
		{EBE9653D-C8EA-4004-BFF6-984A93D58B2B}.Develop|Any CPU.ActiveCfg = Debug|Any CPU
		{EBE9653D-C8EA-4004-BFF6-984A93D58B2B}.Develop|Any CPU.Build.0 = Debug|Any CPU
		{EBE9653D-C8EA-4004-BFF6-984A93D58B2B}.Develop|Mixed Platforms.ActiveCfg = Debug|Any CPU
		{EBE9653D-C8EA-4004-BFF6-984A93D58B2B}.Develop|Mixed Platforms.Build.0 = Debug|Any CPU
		{EBE9653D-C8EA-4004-BFF6-984A93D58B2B}.Develop|x86.ActiveCfg = Debug|Any CPU
		{EBE9653D-C8EA-4004-BFF6-984A93D58B2B}.Develop|x86.Build.0 = Debug|Any CPU
		{EBE9653D-C8EA-4004-BFF6-984A93D58B2B}.QA|Any CPU.ActiveCfg = Debug|Any CPU
		{EBE9653D-C8EA-4004-BFF6-984A93D58B2B}.QA|Any CPU.Build.0 = Debug|Any CPU
		{EBE9653D-C8EA-4004-BFF6-984A93D58B2B}.QA|Mixed Platforms.ActiveCfg = Debug|Any CPU
		{EBE9653D-C8EA-4004-BFF6-984A93D58B2B}.QA|Mixed Platforms.Build.0 = Debug|Any CPU
		{EBE9653D-C8EA-4004-BFF6-984A93D58B2B}.QA|x86.ActiveCfg = Debug|Any CPU
		{EBE9653D-C8EA-4004-BFF6-984A93D58B2B}.QA|x86.Build.0 = Debug|Any CPU
		{EBE9653D-C8EA-4004-BFF6-984A93D58B2B}.Release|Any CPU.ActiveCfg = Release|Any CPU
		{EBE9653D-C8EA-4004-BFF6-984A93D58B2B}.Release|Any CPU.Build.0 = Release|Any CPU
		{EBE9653D-C8EA-4004-BFF6-984A93D58B2B}.Release|Mixed Platforms.ActiveCfg = Release|Any CPU
		{EBE9653D-C8EA-4004-BFF6-984A93D58B2B}.Release|Mixed Platforms.Build.0 = Release|Any CPU
		{EBE9653D-C8EA-4004-BFF6-984A93D58B2B}.Release|x86.ActiveCfg = Release|Any CPU
		{EBE9653D-C8EA-4004-BFF6-984A93D58B2B}.Release|x86.Build.0 = Release|Any CPU
		{EBE9653D-C8EA-4004-BFF6-984A93D58B2B}.Staging|Any CPU.ActiveCfg = Debug|Any CPU
		{EBE9653D-C8EA-4004-BFF6-984A93D58B2B}.Staging|Any CPU.Build.0 = Debug|Any CPU
		{EBE9653D-C8EA-4004-BFF6-984A93D58B2B}.Staging|Mixed Platforms.ActiveCfg = Debug|Any CPU
		{EBE9653D-C8EA-4004-BFF6-984A93D58B2B}.Staging|Mixed Platforms.Build.0 = Debug|Any CPU
		{EBE9653D-C8EA-4004-BFF6-984A93D58B2B}.Staging|x86.ActiveCfg = Debug|Any CPU
		{EBE9653D-C8EA-4004-BFF6-984A93D58B2B}.Staging|x86.Build.0 = Debug|Any CPU
		{EBE9653D-C8EA-4004-BFF6-984A93D58B2B}.UAT|Any CPU.ActiveCfg = Debug|Any CPU
		{EBE9653D-C8EA-4004-BFF6-984A93D58B2B}.UAT|Any CPU.Build.0 = Debug|Any CPU
		{EBE9653D-C8EA-4004-BFF6-984A93D58B2B}.UAT|Mixed Platforms.ActiveCfg = Debug|Any CPU
		{EBE9653D-C8EA-4004-BFF6-984A93D58B2B}.UAT|Mixed Platforms.Build.0 = Debug|Any CPU
		{EBE9653D-C8EA-4004-BFF6-984A93D58B2B}.UAT|x86.ActiveCfg = Debug|Any CPU
		{EBE9653D-C8EA-4004-BFF6-984A93D58B2B}.UAT|x86.Build.0 = Debug|Any CPU
		{474EA6B3-936A-4564-ADEC-F2A9D82EF526}.Debug|Any CPU.ActiveCfg = Debug|Any CPU
		{474EA6B3-936A-4564-ADEC-F2A9D82EF526}.Debug|Any CPU.Build.0 = Debug|Any CPU
		{474EA6B3-936A-4564-ADEC-F2A9D82EF526}.Debug|Mixed Platforms.ActiveCfg = Debug|Any CPU
		{474EA6B3-936A-4564-ADEC-F2A9D82EF526}.Debug|Mixed Platforms.Build.0 = Debug|Any CPU
		{474EA6B3-936A-4564-ADEC-F2A9D82EF526}.Debug|x86.ActiveCfg = Debug|Any CPU
		{474EA6B3-936A-4564-ADEC-F2A9D82EF526}.Debug|x86.Build.0 = Debug|Any CPU
		{474EA6B3-936A-4564-ADEC-F2A9D82EF526}.Demo|Any CPU.ActiveCfg = Debug|Any CPU
		{474EA6B3-936A-4564-ADEC-F2A9D82EF526}.Demo|Any CPU.Build.0 = Debug|Any CPU
		{474EA6B3-936A-4564-ADEC-F2A9D82EF526}.Demo|Mixed Platforms.ActiveCfg = Debug|Any CPU
		{474EA6B3-936A-4564-ADEC-F2A9D82EF526}.Demo|Mixed Platforms.Build.0 = Debug|Any CPU
		{474EA6B3-936A-4564-ADEC-F2A9D82EF526}.Demo|x86.ActiveCfg = Debug|Any CPU
		{474EA6B3-936A-4564-ADEC-F2A9D82EF526}.Demo|x86.Build.0 = Debug|Any CPU
		{474EA6B3-936A-4564-ADEC-F2A9D82EF526}.Dev|Any CPU.ActiveCfg = Debug|Any CPU
		{474EA6B3-936A-4564-ADEC-F2A9D82EF526}.Dev|Any CPU.Build.0 = Debug|Any CPU
		{474EA6B3-936A-4564-ADEC-F2A9D82EF526}.Dev|Mixed Platforms.ActiveCfg = Debug|Any CPU
		{474EA6B3-936A-4564-ADEC-F2A9D82EF526}.Dev|Mixed Platforms.Build.0 = Debug|Any CPU
		{474EA6B3-936A-4564-ADEC-F2A9D82EF526}.Dev|x86.ActiveCfg = Debug|Any CPU
		{474EA6B3-936A-4564-ADEC-F2A9D82EF526}.Dev|x86.Build.0 = Debug|Any CPU
		{474EA6B3-936A-4564-ADEC-F2A9D82EF526}.Develop|Any CPU.ActiveCfg = Debug|Any CPU
		{474EA6B3-936A-4564-ADEC-F2A9D82EF526}.Develop|Any CPU.Build.0 = Debug|Any CPU
		{474EA6B3-936A-4564-ADEC-F2A9D82EF526}.Develop|Mixed Platforms.ActiveCfg = Debug|Any CPU
		{474EA6B3-936A-4564-ADEC-F2A9D82EF526}.Develop|Mixed Platforms.Build.0 = Debug|Any CPU
		{474EA6B3-936A-4564-ADEC-F2A9D82EF526}.Develop|x86.ActiveCfg = Debug|Any CPU
		{474EA6B3-936A-4564-ADEC-F2A9D82EF526}.Develop|x86.Build.0 = Debug|Any CPU
		{474EA6B3-936A-4564-ADEC-F2A9D82EF526}.QA|Any CPU.ActiveCfg = Release|Any CPU
		{474EA6B3-936A-4564-ADEC-F2A9D82EF526}.QA|Any CPU.Build.0 = Release|Any CPU
		{474EA6B3-936A-4564-ADEC-F2A9D82EF526}.QA|Mixed Platforms.ActiveCfg = Release|Any CPU
		{474EA6B3-936A-4564-ADEC-F2A9D82EF526}.QA|Mixed Platforms.Build.0 = Release|Any CPU
		{474EA6B3-936A-4564-ADEC-F2A9D82EF526}.QA|x86.ActiveCfg = Release|Any CPU
		{474EA6B3-936A-4564-ADEC-F2A9D82EF526}.QA|x86.Build.0 = Release|Any CPU
		{474EA6B3-936A-4564-ADEC-F2A9D82EF526}.Release|Any CPU.ActiveCfg = Release|Any CPU
		{474EA6B3-936A-4564-ADEC-F2A9D82EF526}.Release|Any CPU.Build.0 = Release|Any CPU
		{474EA6B3-936A-4564-ADEC-F2A9D82EF526}.Release|Mixed Platforms.ActiveCfg = Release|Any CPU
		{474EA6B3-936A-4564-ADEC-F2A9D82EF526}.Release|Mixed Platforms.Build.0 = Release|Any CPU
		{474EA6B3-936A-4564-ADEC-F2A9D82EF526}.Release|x86.ActiveCfg = Release|Any CPU
		{474EA6B3-936A-4564-ADEC-F2A9D82EF526}.Release|x86.Build.0 = Release|Any CPU
		{474EA6B3-936A-4564-ADEC-F2A9D82EF526}.Staging|Any CPU.ActiveCfg = Release|Any CPU
		{474EA6B3-936A-4564-ADEC-F2A9D82EF526}.Staging|Any CPU.Build.0 = Release|Any CPU
		{474EA6B3-936A-4564-ADEC-F2A9D82EF526}.Staging|Mixed Platforms.ActiveCfg = Release|Any CPU
		{474EA6B3-936A-4564-ADEC-F2A9D82EF526}.Staging|Mixed Platforms.Build.0 = Release|Any CPU
		{474EA6B3-936A-4564-ADEC-F2A9D82EF526}.Staging|x86.ActiveCfg = Release|Any CPU
		{474EA6B3-936A-4564-ADEC-F2A9D82EF526}.Staging|x86.Build.0 = Release|Any CPU
		{474EA6B3-936A-4564-ADEC-F2A9D82EF526}.UAT|Any CPU.ActiveCfg = Release|Any CPU
		{474EA6B3-936A-4564-ADEC-F2A9D82EF526}.UAT|Any CPU.Build.0 = Release|Any CPU
		{474EA6B3-936A-4564-ADEC-F2A9D82EF526}.UAT|Mixed Platforms.ActiveCfg = Release|Any CPU
		{474EA6B3-936A-4564-ADEC-F2A9D82EF526}.UAT|Mixed Platforms.Build.0 = Release|Any CPU
		{474EA6B3-936A-4564-ADEC-F2A9D82EF526}.UAT|x86.ActiveCfg = Release|Any CPU
		{474EA6B3-936A-4564-ADEC-F2A9D82EF526}.UAT|x86.Build.0 = Release|Any CPU
		{8D1D34BC-9DAE-4560-AB5B-46684A298173}.Debug|Any CPU.ActiveCfg = Debug|Any CPU
		{8D1D34BC-9DAE-4560-AB5B-46684A298173}.Debug|Any CPU.Build.0 = Debug|Any CPU
		{8D1D34BC-9DAE-4560-AB5B-46684A298173}.Debug|Mixed Platforms.ActiveCfg = Debug|Any CPU
		{8D1D34BC-9DAE-4560-AB5B-46684A298173}.Debug|Mixed Platforms.Build.0 = Debug|Any CPU
		{8D1D34BC-9DAE-4560-AB5B-46684A298173}.Debug|x86.ActiveCfg = Debug|Any CPU
		{8D1D34BC-9DAE-4560-AB5B-46684A298173}.Debug|x86.Build.0 = Debug|Any CPU
		{8D1D34BC-9DAE-4560-AB5B-46684A298173}.Demo|Any CPU.ActiveCfg = Debug|Any CPU
		{8D1D34BC-9DAE-4560-AB5B-46684A298173}.Demo|Any CPU.Build.0 = Debug|Any CPU
		{8D1D34BC-9DAE-4560-AB5B-46684A298173}.Demo|Mixed Platforms.ActiveCfg = Debug|Any CPU
		{8D1D34BC-9DAE-4560-AB5B-46684A298173}.Demo|Mixed Platforms.Build.0 = Debug|Any CPU
		{8D1D34BC-9DAE-4560-AB5B-46684A298173}.Demo|x86.ActiveCfg = Debug|Any CPU
		{8D1D34BC-9DAE-4560-AB5B-46684A298173}.Demo|x86.Build.0 = Debug|Any CPU
		{8D1D34BC-9DAE-4560-AB5B-46684A298173}.Dev|Any CPU.ActiveCfg = Debug|Any CPU
		{8D1D34BC-9DAE-4560-AB5B-46684A298173}.Dev|Any CPU.Build.0 = Debug|Any CPU
		{8D1D34BC-9DAE-4560-AB5B-46684A298173}.Dev|Mixed Platforms.ActiveCfg = Debug|Any CPU
		{8D1D34BC-9DAE-4560-AB5B-46684A298173}.Dev|Mixed Platforms.Build.0 = Debug|Any CPU
		{8D1D34BC-9DAE-4560-AB5B-46684A298173}.Dev|x86.ActiveCfg = Debug|Any CPU
		{8D1D34BC-9DAE-4560-AB5B-46684A298173}.Dev|x86.Build.0 = Debug|Any CPU
		{8D1D34BC-9DAE-4560-AB5B-46684A298173}.Develop|Any CPU.ActiveCfg = Debug|Any CPU
		{8D1D34BC-9DAE-4560-AB5B-46684A298173}.Develop|Any CPU.Build.0 = Debug|Any CPU
		{8D1D34BC-9DAE-4560-AB5B-46684A298173}.Develop|Mixed Platforms.ActiveCfg = Debug|Any CPU
		{8D1D34BC-9DAE-4560-AB5B-46684A298173}.Develop|Mixed Platforms.Build.0 = Debug|Any CPU
		{8D1D34BC-9DAE-4560-AB5B-46684A298173}.Develop|x86.ActiveCfg = Debug|Any CPU
		{8D1D34BC-9DAE-4560-AB5B-46684A298173}.Develop|x86.Build.0 = Debug|Any CPU
		{8D1D34BC-9DAE-4560-AB5B-46684A298173}.QA|Any CPU.ActiveCfg = Release|Any CPU
		{8D1D34BC-9DAE-4560-AB5B-46684A298173}.QA|Any CPU.Build.0 = Release|Any CPU
		{8D1D34BC-9DAE-4560-AB5B-46684A298173}.QA|Mixed Platforms.ActiveCfg = Release|Any CPU
		{8D1D34BC-9DAE-4560-AB5B-46684A298173}.QA|Mixed Platforms.Build.0 = Release|Any CPU
		{8D1D34BC-9DAE-4560-AB5B-46684A298173}.QA|x86.ActiveCfg = Release|Any CPU
		{8D1D34BC-9DAE-4560-AB5B-46684A298173}.QA|x86.Build.0 = Release|Any CPU
		{8D1D34BC-9DAE-4560-AB5B-46684A298173}.Release|Any CPU.ActiveCfg = Release|Any CPU
		{8D1D34BC-9DAE-4560-AB5B-46684A298173}.Release|Any CPU.Build.0 = Release|Any CPU
		{8D1D34BC-9DAE-4560-AB5B-46684A298173}.Release|Mixed Platforms.ActiveCfg = Release|Any CPU
		{8D1D34BC-9DAE-4560-AB5B-46684A298173}.Release|Mixed Platforms.Build.0 = Release|Any CPU
		{8D1D34BC-9DAE-4560-AB5B-46684A298173}.Release|x86.ActiveCfg = Release|Any CPU
		{8D1D34BC-9DAE-4560-AB5B-46684A298173}.Release|x86.Build.0 = Release|Any CPU
		{8D1D34BC-9DAE-4560-AB5B-46684A298173}.Staging|Any CPU.ActiveCfg = Release|Any CPU
		{8D1D34BC-9DAE-4560-AB5B-46684A298173}.Staging|Any CPU.Build.0 = Release|Any CPU
		{8D1D34BC-9DAE-4560-AB5B-46684A298173}.Staging|Mixed Platforms.ActiveCfg = Release|Any CPU
		{8D1D34BC-9DAE-4560-AB5B-46684A298173}.Staging|Mixed Platforms.Build.0 = Release|Any CPU
		{8D1D34BC-9DAE-4560-AB5B-46684A298173}.Staging|x86.ActiveCfg = Release|Any CPU
		{8D1D34BC-9DAE-4560-AB5B-46684A298173}.Staging|x86.Build.0 = Release|Any CPU
		{8D1D34BC-9DAE-4560-AB5B-46684A298173}.UAT|Any CPU.ActiveCfg = Release|Any CPU
		{8D1D34BC-9DAE-4560-AB5B-46684A298173}.UAT|Any CPU.Build.0 = Release|Any CPU
		{8D1D34BC-9DAE-4560-AB5B-46684A298173}.UAT|Mixed Platforms.ActiveCfg = Release|Any CPU
		{8D1D34BC-9DAE-4560-AB5B-46684A298173}.UAT|Mixed Platforms.Build.0 = Release|Any CPU
		{8D1D34BC-9DAE-4560-AB5B-46684A298173}.UAT|x86.ActiveCfg = Release|Any CPU
		{8D1D34BC-9DAE-4560-AB5B-46684A298173}.UAT|x86.Build.0 = Release|Any CPU
		{9BF22A1B-6488-4746-925A-B4F9BA66BC33}.Debug|Any CPU.ActiveCfg = Debug|Any CPU
		{9BF22A1B-6488-4746-925A-B4F9BA66BC33}.Debug|Any CPU.Build.0 = Debug|Any CPU
		{9BF22A1B-6488-4746-925A-B4F9BA66BC33}.Debug|Mixed Platforms.ActiveCfg = Debug|Any CPU
		{9BF22A1B-6488-4746-925A-B4F9BA66BC33}.Debug|Mixed Platforms.Build.0 = Debug|Any CPU
		{9BF22A1B-6488-4746-925A-B4F9BA66BC33}.Debug|x86.ActiveCfg = Debug|Any CPU
		{9BF22A1B-6488-4746-925A-B4F9BA66BC33}.Debug|x86.Build.0 = Debug|Any CPU
		{9BF22A1B-6488-4746-925A-B4F9BA66BC33}.Demo|Any CPU.ActiveCfg = Debug|Any CPU
		{9BF22A1B-6488-4746-925A-B4F9BA66BC33}.Demo|Any CPU.Build.0 = Debug|Any CPU
		{9BF22A1B-6488-4746-925A-B4F9BA66BC33}.Demo|Mixed Platforms.ActiveCfg = Debug|Any CPU
		{9BF22A1B-6488-4746-925A-B4F9BA66BC33}.Demo|Mixed Platforms.Build.0 = Debug|Any CPU
		{9BF22A1B-6488-4746-925A-B4F9BA66BC33}.Demo|x86.ActiveCfg = Debug|Any CPU
		{9BF22A1B-6488-4746-925A-B4F9BA66BC33}.Demo|x86.Build.0 = Debug|Any CPU
		{9BF22A1B-6488-4746-925A-B4F9BA66BC33}.Dev|Any CPU.ActiveCfg = Debug|Any CPU
		{9BF22A1B-6488-4746-925A-B4F9BA66BC33}.Dev|Any CPU.Build.0 = Debug|Any CPU
		{9BF22A1B-6488-4746-925A-B4F9BA66BC33}.Dev|Mixed Platforms.ActiveCfg = Debug|Any CPU
		{9BF22A1B-6488-4746-925A-B4F9BA66BC33}.Dev|Mixed Platforms.Build.0 = Debug|Any CPU
		{9BF22A1B-6488-4746-925A-B4F9BA66BC33}.Dev|x86.ActiveCfg = Debug|Any CPU
		{9BF22A1B-6488-4746-925A-B4F9BA66BC33}.Dev|x86.Build.0 = Debug|Any CPU
		{9BF22A1B-6488-4746-925A-B4F9BA66BC33}.Develop|Any CPU.ActiveCfg = Debug|Any CPU
		{9BF22A1B-6488-4746-925A-B4F9BA66BC33}.Develop|Any CPU.Build.0 = Debug|Any CPU
		{9BF22A1B-6488-4746-925A-B4F9BA66BC33}.Develop|Mixed Platforms.ActiveCfg = Debug|Any CPU
		{9BF22A1B-6488-4746-925A-B4F9BA66BC33}.Develop|Mixed Platforms.Build.0 = Debug|Any CPU
		{9BF22A1B-6488-4746-925A-B4F9BA66BC33}.Develop|x86.ActiveCfg = Debug|Any CPU
		{9BF22A1B-6488-4746-925A-B4F9BA66BC33}.Develop|x86.Build.0 = Debug|Any CPU
		{9BF22A1B-6488-4746-925A-B4F9BA66BC33}.QA|Any CPU.ActiveCfg = Debug|Any CPU
		{9BF22A1B-6488-4746-925A-B4F9BA66BC33}.QA|Any CPU.Build.0 = Debug|Any CPU
		{9BF22A1B-6488-4746-925A-B4F9BA66BC33}.QA|Mixed Platforms.ActiveCfg = Debug|Any CPU
		{9BF22A1B-6488-4746-925A-B4F9BA66BC33}.QA|Mixed Platforms.Build.0 = Debug|Any CPU
		{9BF22A1B-6488-4746-925A-B4F9BA66BC33}.QA|x86.ActiveCfg = Debug|Any CPU
		{9BF22A1B-6488-4746-925A-B4F9BA66BC33}.QA|x86.Build.0 = Debug|Any CPU
		{9BF22A1B-6488-4746-925A-B4F9BA66BC33}.Release|Any CPU.ActiveCfg = Release|Any CPU
		{9BF22A1B-6488-4746-925A-B4F9BA66BC33}.Release|Any CPU.Build.0 = Release|Any CPU
		{9BF22A1B-6488-4746-925A-B4F9BA66BC33}.Release|Mixed Platforms.ActiveCfg = Release|Any CPU
		{9BF22A1B-6488-4746-925A-B4F9BA66BC33}.Release|Mixed Platforms.Build.0 = Release|Any CPU
		{9BF22A1B-6488-4746-925A-B4F9BA66BC33}.Release|x86.ActiveCfg = Release|Any CPU
		{9BF22A1B-6488-4746-925A-B4F9BA66BC33}.Release|x86.Build.0 = Release|Any CPU
		{9BF22A1B-6488-4746-925A-B4F9BA66BC33}.Staging|Any CPU.ActiveCfg = Debug|Any CPU
		{9BF22A1B-6488-4746-925A-B4F9BA66BC33}.Staging|Any CPU.Build.0 = Debug|Any CPU
		{9BF22A1B-6488-4746-925A-B4F9BA66BC33}.Staging|Mixed Platforms.ActiveCfg = Debug|Any CPU
		{9BF22A1B-6488-4746-925A-B4F9BA66BC33}.Staging|Mixed Platforms.Build.0 = Debug|Any CPU
		{9BF22A1B-6488-4746-925A-B4F9BA66BC33}.Staging|x86.ActiveCfg = Debug|Any CPU
		{9BF22A1B-6488-4746-925A-B4F9BA66BC33}.Staging|x86.Build.0 = Debug|Any CPU
		{9BF22A1B-6488-4746-925A-B4F9BA66BC33}.UAT|Any CPU.ActiveCfg = Debug|Any CPU
		{9BF22A1B-6488-4746-925A-B4F9BA66BC33}.UAT|Any CPU.Build.0 = Debug|Any CPU
		{9BF22A1B-6488-4746-925A-B4F9BA66BC33}.UAT|Mixed Platforms.ActiveCfg = Debug|Any CPU
		{9BF22A1B-6488-4746-925A-B4F9BA66BC33}.UAT|Mixed Platforms.Build.0 = Debug|Any CPU
		{9BF22A1B-6488-4746-925A-B4F9BA66BC33}.UAT|x86.ActiveCfg = Debug|Any CPU
		{9BF22A1B-6488-4746-925A-B4F9BA66BC33}.UAT|x86.Build.0 = Debug|Any CPU
		{7047D8F5-3E3A-46D7-8029-3B51917BF653}.Debug|Any CPU.ActiveCfg = Debug|Any CPU
		{7047D8F5-3E3A-46D7-8029-3B51917BF653}.Debug|Any CPU.Build.0 = Debug|Any CPU
		{7047D8F5-3E3A-46D7-8029-3B51917BF653}.Debug|Mixed Platforms.ActiveCfg = Debug|Any CPU
		{7047D8F5-3E3A-46D7-8029-3B51917BF653}.Debug|Mixed Platforms.Build.0 = Debug|Any CPU
		{7047D8F5-3E3A-46D7-8029-3B51917BF653}.Debug|x86.ActiveCfg = Debug|Any CPU
		{7047D8F5-3E3A-46D7-8029-3B51917BF653}.Debug|x86.Build.0 = Debug|Any CPU
		{7047D8F5-3E3A-46D7-8029-3B51917BF653}.Demo|Any CPU.ActiveCfg = Debug|Any CPU
		{7047D8F5-3E3A-46D7-8029-3B51917BF653}.Demo|Any CPU.Build.0 = Debug|Any CPU
		{7047D8F5-3E3A-46D7-8029-3B51917BF653}.Demo|Mixed Platforms.ActiveCfg = Debug|Any CPU
		{7047D8F5-3E3A-46D7-8029-3B51917BF653}.Demo|Mixed Platforms.Build.0 = Debug|Any CPU
		{7047D8F5-3E3A-46D7-8029-3B51917BF653}.Demo|x86.ActiveCfg = Debug|Any CPU
		{7047D8F5-3E3A-46D7-8029-3B51917BF653}.Demo|x86.Build.0 = Debug|Any CPU
		{7047D8F5-3E3A-46D7-8029-3B51917BF653}.Dev|Any CPU.ActiveCfg = Debug|Any CPU
		{7047D8F5-3E3A-46D7-8029-3B51917BF653}.Dev|Any CPU.Build.0 = Debug|Any CPU
		{7047D8F5-3E3A-46D7-8029-3B51917BF653}.Dev|Mixed Platforms.ActiveCfg = Debug|Any CPU
		{7047D8F5-3E3A-46D7-8029-3B51917BF653}.Dev|Mixed Platforms.Build.0 = Debug|Any CPU
		{7047D8F5-3E3A-46D7-8029-3B51917BF653}.Dev|x86.ActiveCfg = Debug|Any CPU
		{7047D8F5-3E3A-46D7-8029-3B51917BF653}.Dev|x86.Build.0 = Debug|Any CPU
		{7047D8F5-3E3A-46D7-8029-3B51917BF653}.Develop|Any CPU.ActiveCfg = Debug|Any CPU
		{7047D8F5-3E3A-46D7-8029-3B51917BF653}.Develop|Any CPU.Build.0 = Debug|Any CPU
		{7047D8F5-3E3A-46D7-8029-3B51917BF653}.Develop|Mixed Platforms.ActiveCfg = Debug|Any CPU
		{7047D8F5-3E3A-46D7-8029-3B51917BF653}.Develop|Mixed Platforms.Build.0 = Debug|Any CPU
		{7047D8F5-3E3A-46D7-8029-3B51917BF653}.Develop|x86.ActiveCfg = Debug|Any CPU
		{7047D8F5-3E3A-46D7-8029-3B51917BF653}.Develop|x86.Build.0 = Debug|Any CPU
		{7047D8F5-3E3A-46D7-8029-3B51917BF653}.QA|Any CPU.ActiveCfg = Debug|Any CPU
		{7047D8F5-3E3A-46D7-8029-3B51917BF653}.QA|Any CPU.Build.0 = Debug|Any CPU
		{7047D8F5-3E3A-46D7-8029-3B51917BF653}.QA|Mixed Platforms.ActiveCfg = Debug|Any CPU
		{7047D8F5-3E3A-46D7-8029-3B51917BF653}.QA|Mixed Platforms.Build.0 = Debug|Any CPU
		{7047D8F5-3E3A-46D7-8029-3B51917BF653}.QA|x86.ActiveCfg = Debug|Any CPU
		{7047D8F5-3E3A-46D7-8029-3B51917BF653}.QA|x86.Build.0 = Debug|Any CPU
		{7047D8F5-3E3A-46D7-8029-3B51917BF653}.Release|Any CPU.ActiveCfg = Release|Any CPU
		{7047D8F5-3E3A-46D7-8029-3B51917BF653}.Release|Any CPU.Build.0 = Release|Any CPU
		{7047D8F5-3E3A-46D7-8029-3B51917BF653}.Release|Mixed Platforms.ActiveCfg = Release|Any CPU
		{7047D8F5-3E3A-46D7-8029-3B51917BF653}.Release|Mixed Platforms.Build.0 = Release|Any CPU
		{7047D8F5-3E3A-46D7-8029-3B51917BF653}.Release|x86.ActiveCfg = Release|Any CPU
		{7047D8F5-3E3A-46D7-8029-3B51917BF653}.Release|x86.Build.0 = Release|Any CPU
		{7047D8F5-3E3A-46D7-8029-3B51917BF653}.Staging|Any CPU.ActiveCfg = Debug|Any CPU
		{7047D8F5-3E3A-46D7-8029-3B51917BF653}.Staging|Any CPU.Build.0 = Debug|Any CPU
		{7047D8F5-3E3A-46D7-8029-3B51917BF653}.Staging|Mixed Platforms.ActiveCfg = Debug|Any CPU
		{7047D8F5-3E3A-46D7-8029-3B51917BF653}.Staging|Mixed Platforms.Build.0 = Debug|Any CPU
		{7047D8F5-3E3A-46D7-8029-3B51917BF653}.Staging|x86.ActiveCfg = Debug|Any CPU
		{7047D8F5-3E3A-46D7-8029-3B51917BF653}.Staging|x86.Build.0 = Debug|Any CPU
		{7047D8F5-3E3A-46D7-8029-3B51917BF653}.UAT|Any CPU.ActiveCfg = Debug|Any CPU
		{7047D8F5-3E3A-46D7-8029-3B51917BF653}.UAT|Any CPU.Build.0 = Debug|Any CPU
		{7047D8F5-3E3A-46D7-8029-3B51917BF653}.UAT|Mixed Platforms.ActiveCfg = Debug|Any CPU
		{7047D8F5-3E3A-46D7-8029-3B51917BF653}.UAT|Mixed Platforms.Build.0 = Debug|Any CPU
		{7047D8F5-3E3A-46D7-8029-3B51917BF653}.UAT|x86.ActiveCfg = Debug|Any CPU
		{7047D8F5-3E3A-46D7-8029-3B51917BF653}.UAT|x86.Build.0 = Debug|Any CPU
		{AF4EB9A2-0356-48D1-BB2A-1B95FAF79B1E}.Debug|Any CPU.ActiveCfg = Debug|Any CPU
		{AF4EB9A2-0356-48D1-BB2A-1B95FAF79B1E}.Debug|Any CPU.Build.0 = Debug|Any CPU
		{AF4EB9A2-0356-48D1-BB2A-1B95FAF79B1E}.Debug|Mixed Platforms.ActiveCfg = Debug|Any CPU
		{AF4EB9A2-0356-48D1-BB2A-1B95FAF79B1E}.Debug|Mixed Platforms.Build.0 = Debug|Any CPU
		{AF4EB9A2-0356-48D1-BB2A-1B95FAF79B1E}.Debug|x86.ActiveCfg = Debug|Any CPU
		{AF4EB9A2-0356-48D1-BB2A-1B95FAF79B1E}.Debug|x86.Build.0 = Debug|Any CPU
		{AF4EB9A2-0356-48D1-BB2A-1B95FAF79B1E}.Demo|Any CPU.ActiveCfg = Debug|Any CPU
		{AF4EB9A2-0356-48D1-BB2A-1B95FAF79B1E}.Demo|Any CPU.Build.0 = Debug|Any CPU
		{AF4EB9A2-0356-48D1-BB2A-1B95FAF79B1E}.Demo|Mixed Platforms.ActiveCfg = Debug|Any CPU
		{AF4EB9A2-0356-48D1-BB2A-1B95FAF79B1E}.Demo|Mixed Platforms.Build.0 = Debug|Any CPU
		{AF4EB9A2-0356-48D1-BB2A-1B95FAF79B1E}.Demo|x86.ActiveCfg = Debug|Any CPU
		{AF4EB9A2-0356-48D1-BB2A-1B95FAF79B1E}.Demo|x86.Build.0 = Debug|Any CPU
		{AF4EB9A2-0356-48D1-BB2A-1B95FAF79B1E}.Dev|Any CPU.ActiveCfg = Debug|Any CPU
		{AF4EB9A2-0356-48D1-BB2A-1B95FAF79B1E}.Dev|Any CPU.Build.0 = Debug|Any CPU
		{AF4EB9A2-0356-48D1-BB2A-1B95FAF79B1E}.Dev|Mixed Platforms.ActiveCfg = Debug|Any CPU
		{AF4EB9A2-0356-48D1-BB2A-1B95FAF79B1E}.Dev|Mixed Platforms.Build.0 = Debug|Any CPU
		{AF4EB9A2-0356-48D1-BB2A-1B95FAF79B1E}.Dev|x86.ActiveCfg = Debug|Any CPU
		{AF4EB9A2-0356-48D1-BB2A-1B95FAF79B1E}.Dev|x86.Build.0 = Debug|Any CPU
		{AF4EB9A2-0356-48D1-BB2A-1B95FAF79B1E}.Develop|Any CPU.ActiveCfg = Debug|Any CPU
		{AF4EB9A2-0356-48D1-BB2A-1B95FAF79B1E}.Develop|Any CPU.Build.0 = Debug|Any CPU
		{AF4EB9A2-0356-48D1-BB2A-1B95FAF79B1E}.Develop|Mixed Platforms.ActiveCfg = Debug|Any CPU
		{AF4EB9A2-0356-48D1-BB2A-1B95FAF79B1E}.Develop|Mixed Platforms.Build.0 = Debug|Any CPU
		{AF4EB9A2-0356-48D1-BB2A-1B95FAF79B1E}.Develop|x86.ActiveCfg = Debug|Any CPU
		{AF4EB9A2-0356-48D1-BB2A-1B95FAF79B1E}.Develop|x86.Build.0 = Debug|Any CPU
		{AF4EB9A2-0356-48D1-BB2A-1B95FAF79B1E}.QA|Any CPU.ActiveCfg = Debug|Any CPU
		{AF4EB9A2-0356-48D1-BB2A-1B95FAF79B1E}.QA|Any CPU.Build.0 = Debug|Any CPU
		{AF4EB9A2-0356-48D1-BB2A-1B95FAF79B1E}.QA|Mixed Platforms.ActiveCfg = Debug|Any CPU
		{AF4EB9A2-0356-48D1-BB2A-1B95FAF79B1E}.QA|Mixed Platforms.Build.0 = Debug|Any CPU
		{AF4EB9A2-0356-48D1-BB2A-1B95FAF79B1E}.QA|x86.ActiveCfg = Debug|Any CPU
		{AF4EB9A2-0356-48D1-BB2A-1B95FAF79B1E}.QA|x86.Build.0 = Debug|Any CPU
		{AF4EB9A2-0356-48D1-BB2A-1B95FAF79B1E}.Release|Any CPU.ActiveCfg = Release|Any CPU
		{AF4EB9A2-0356-48D1-BB2A-1B95FAF79B1E}.Release|Any CPU.Build.0 = Release|Any CPU
		{AF4EB9A2-0356-48D1-BB2A-1B95FAF79B1E}.Release|Mixed Platforms.ActiveCfg = Release|Any CPU
		{AF4EB9A2-0356-48D1-BB2A-1B95FAF79B1E}.Release|Mixed Platforms.Build.0 = Release|Any CPU
		{AF4EB9A2-0356-48D1-BB2A-1B95FAF79B1E}.Release|x86.ActiveCfg = Release|Any CPU
		{AF4EB9A2-0356-48D1-BB2A-1B95FAF79B1E}.Release|x86.Build.0 = Release|Any CPU
		{AF4EB9A2-0356-48D1-BB2A-1B95FAF79B1E}.Staging|Any CPU.ActiveCfg = Debug|Any CPU
		{AF4EB9A2-0356-48D1-BB2A-1B95FAF79B1E}.Staging|Any CPU.Build.0 = Debug|Any CPU
		{AF4EB9A2-0356-48D1-BB2A-1B95FAF79B1E}.Staging|Mixed Platforms.ActiveCfg = Debug|Any CPU
		{AF4EB9A2-0356-48D1-BB2A-1B95FAF79B1E}.Staging|Mixed Platforms.Build.0 = Debug|Any CPU
		{AF4EB9A2-0356-48D1-BB2A-1B95FAF79B1E}.Staging|x86.ActiveCfg = Debug|Any CPU
		{AF4EB9A2-0356-48D1-BB2A-1B95FAF79B1E}.Staging|x86.Build.0 = Debug|Any CPU
		{AF4EB9A2-0356-48D1-BB2A-1B95FAF79B1E}.UAT|Any CPU.ActiveCfg = Debug|Any CPU
		{AF4EB9A2-0356-48D1-BB2A-1B95FAF79B1E}.UAT|Any CPU.Build.0 = Debug|Any CPU
		{AF4EB9A2-0356-48D1-BB2A-1B95FAF79B1E}.UAT|Mixed Platforms.ActiveCfg = Debug|Any CPU
		{AF4EB9A2-0356-48D1-BB2A-1B95FAF79B1E}.UAT|Mixed Platforms.Build.0 = Debug|Any CPU
		{AF4EB9A2-0356-48D1-BB2A-1B95FAF79B1E}.UAT|x86.ActiveCfg = Debug|Any CPU
		{AF4EB9A2-0356-48D1-BB2A-1B95FAF79B1E}.UAT|x86.Build.0 = Debug|Any CPU
		{575AC605-68AD-468B-A3C5-C0D1273AD40E}.Debug|Any CPU.ActiveCfg = Debug|Any CPU
		{575AC605-68AD-468B-A3C5-C0D1273AD40E}.Debug|Any CPU.Build.0 = Debug|Any CPU
		{575AC605-68AD-468B-A3C5-C0D1273AD40E}.Debug|Mixed Platforms.ActiveCfg = Debug|Any CPU
		{575AC605-68AD-468B-A3C5-C0D1273AD40E}.Debug|Mixed Platforms.Build.0 = Debug|Any CPU
		{575AC605-68AD-468B-A3C5-C0D1273AD40E}.Debug|x86.ActiveCfg = Debug|Any CPU
		{575AC605-68AD-468B-A3C5-C0D1273AD40E}.Debug|x86.Build.0 = Debug|Any CPU
		{575AC605-68AD-468B-A3C5-C0D1273AD40E}.Demo|Any CPU.ActiveCfg = Debug|Any CPU
		{575AC605-68AD-468B-A3C5-C0D1273AD40E}.Demo|Any CPU.Build.0 = Debug|Any CPU
		{575AC605-68AD-468B-A3C5-C0D1273AD40E}.Demo|Mixed Platforms.ActiveCfg = Debug|Any CPU
		{575AC605-68AD-468B-A3C5-C0D1273AD40E}.Demo|Mixed Platforms.Build.0 = Debug|Any CPU
		{575AC605-68AD-468B-A3C5-C0D1273AD40E}.Demo|x86.ActiveCfg = Debug|Any CPU
		{575AC605-68AD-468B-A3C5-C0D1273AD40E}.Demo|x86.Build.0 = Debug|Any CPU
		{575AC605-68AD-468B-A3C5-C0D1273AD40E}.Dev|Any CPU.ActiveCfg = Debug|Any CPU
		{575AC605-68AD-468B-A3C5-C0D1273AD40E}.Dev|Any CPU.Build.0 = Debug|Any CPU
		{575AC605-68AD-468B-A3C5-C0D1273AD40E}.Dev|Mixed Platforms.ActiveCfg = Debug|Any CPU
		{575AC605-68AD-468B-A3C5-C0D1273AD40E}.Dev|Mixed Platforms.Build.0 = Debug|Any CPU
		{575AC605-68AD-468B-A3C5-C0D1273AD40E}.Dev|x86.ActiveCfg = Debug|Any CPU
		{575AC605-68AD-468B-A3C5-C0D1273AD40E}.Dev|x86.Build.0 = Debug|Any CPU
		{575AC605-68AD-468B-A3C5-C0D1273AD40E}.Develop|Any CPU.ActiveCfg = Debug|Any CPU
		{575AC605-68AD-468B-A3C5-C0D1273AD40E}.Develop|Any CPU.Build.0 = Debug|Any CPU
		{575AC605-68AD-468B-A3C5-C0D1273AD40E}.Develop|Mixed Platforms.ActiveCfg = Debug|Any CPU
		{575AC605-68AD-468B-A3C5-C0D1273AD40E}.Develop|Mixed Platforms.Build.0 = Debug|Any CPU
		{575AC605-68AD-468B-A3C5-C0D1273AD40E}.Develop|x86.ActiveCfg = Debug|Any CPU
		{575AC605-68AD-468B-A3C5-C0D1273AD40E}.Develop|x86.Build.0 = Debug|Any CPU
		{575AC605-68AD-468B-A3C5-C0D1273AD40E}.QA|Any CPU.ActiveCfg = Debug|Any CPU
		{575AC605-68AD-468B-A3C5-C0D1273AD40E}.QA|Any CPU.Build.0 = Debug|Any CPU
		{575AC605-68AD-468B-A3C5-C0D1273AD40E}.QA|Mixed Platforms.ActiveCfg = Debug|Any CPU
		{575AC605-68AD-468B-A3C5-C0D1273AD40E}.QA|Mixed Platforms.Build.0 = Debug|Any CPU
		{575AC605-68AD-468B-A3C5-C0D1273AD40E}.QA|x86.ActiveCfg = Debug|Any CPU
		{575AC605-68AD-468B-A3C5-C0D1273AD40E}.QA|x86.Build.0 = Debug|Any CPU
		{575AC605-68AD-468B-A3C5-C0D1273AD40E}.Release|Any CPU.ActiveCfg = Release|Any CPU
		{575AC605-68AD-468B-A3C5-C0D1273AD40E}.Release|Any CPU.Build.0 = Release|Any CPU
		{575AC605-68AD-468B-A3C5-C0D1273AD40E}.Release|Mixed Platforms.ActiveCfg = Release|Any CPU
		{575AC605-68AD-468B-A3C5-C0D1273AD40E}.Release|Mixed Platforms.Build.0 = Release|Any CPU
		{575AC605-68AD-468B-A3C5-C0D1273AD40E}.Release|x86.ActiveCfg = Release|Any CPU
		{575AC605-68AD-468B-A3C5-C0D1273AD40E}.Release|x86.Build.0 = Release|Any CPU
		{575AC605-68AD-468B-A3C5-C0D1273AD40E}.Staging|Any CPU.ActiveCfg = Debug|Any CPU
		{575AC605-68AD-468B-A3C5-C0D1273AD40E}.Staging|Any CPU.Build.0 = Debug|Any CPU
		{575AC605-68AD-468B-A3C5-C0D1273AD40E}.Staging|Mixed Platforms.ActiveCfg = Debug|Any CPU
		{575AC605-68AD-468B-A3C5-C0D1273AD40E}.Staging|Mixed Platforms.Build.0 = Debug|Any CPU
		{575AC605-68AD-468B-A3C5-C0D1273AD40E}.Staging|x86.ActiveCfg = Debug|Any CPU
		{575AC605-68AD-468B-A3C5-C0D1273AD40E}.Staging|x86.Build.0 = Debug|Any CPU
		{575AC605-68AD-468B-A3C5-C0D1273AD40E}.UAT|Any CPU.ActiveCfg = Debug|Any CPU
		{575AC605-68AD-468B-A3C5-C0D1273AD40E}.UAT|Any CPU.Build.0 = Debug|Any CPU
		{575AC605-68AD-468B-A3C5-C0D1273AD40E}.UAT|Mixed Platforms.ActiveCfg = Debug|Any CPU
		{575AC605-68AD-468B-A3C5-C0D1273AD40E}.UAT|Mixed Platforms.Build.0 = Debug|Any CPU
		{575AC605-68AD-468B-A3C5-C0D1273AD40E}.UAT|x86.ActiveCfg = Debug|Any CPU
		{575AC605-68AD-468B-A3C5-C0D1273AD40E}.UAT|x86.Build.0 = Debug|Any CPU
		{0252A330-1DA3-4379-B17B-34F40751119C}.Debug|Any CPU.ActiveCfg = Debug|Any CPU
		{0252A330-1DA3-4379-B17B-34F40751119C}.Debug|Any CPU.Build.0 = Debug|Any CPU
		{0252A330-1DA3-4379-B17B-34F40751119C}.Debug|Mixed Platforms.ActiveCfg = Debug|Any CPU
		{0252A330-1DA3-4379-B17B-34F40751119C}.Debug|Mixed Platforms.Build.0 = Debug|Any CPU
		{0252A330-1DA3-4379-B17B-34F40751119C}.Debug|x86.ActiveCfg = Debug|Any CPU
		{0252A330-1DA3-4379-B17B-34F40751119C}.Debug|x86.Build.0 = Debug|Any CPU
		{0252A330-1DA3-4379-B17B-34F40751119C}.Demo|Any CPU.ActiveCfg = Debug|Any CPU
		{0252A330-1DA3-4379-B17B-34F40751119C}.Demo|Any CPU.Build.0 = Debug|Any CPU
		{0252A330-1DA3-4379-B17B-34F40751119C}.Demo|Mixed Platforms.ActiveCfg = Debug|Any CPU
		{0252A330-1DA3-4379-B17B-34F40751119C}.Demo|Mixed Platforms.Build.0 = Debug|Any CPU
		{0252A330-1DA3-4379-B17B-34F40751119C}.Demo|x86.ActiveCfg = Debug|Any CPU
		{0252A330-1DA3-4379-B17B-34F40751119C}.Demo|x86.Build.0 = Debug|Any CPU
		{0252A330-1DA3-4379-B17B-34F40751119C}.Dev|Any CPU.ActiveCfg = Debug|Any CPU
		{0252A330-1DA3-4379-B17B-34F40751119C}.Dev|Any CPU.Build.0 = Debug|Any CPU
		{0252A330-1DA3-4379-B17B-34F40751119C}.Dev|Mixed Platforms.ActiveCfg = Debug|Any CPU
		{0252A330-1DA3-4379-B17B-34F40751119C}.Dev|Mixed Platforms.Build.0 = Debug|Any CPU
		{0252A330-1DA3-4379-B17B-34F40751119C}.Dev|x86.ActiveCfg = Debug|Any CPU
		{0252A330-1DA3-4379-B17B-34F40751119C}.Dev|x86.Build.0 = Debug|Any CPU
		{0252A330-1DA3-4379-B17B-34F40751119C}.Develop|Any CPU.ActiveCfg = Debug|Any CPU
		{0252A330-1DA3-4379-B17B-34F40751119C}.Develop|Any CPU.Build.0 = Debug|Any CPU
		{0252A330-1DA3-4379-B17B-34F40751119C}.Develop|Mixed Platforms.ActiveCfg = Debug|Any CPU
		{0252A330-1DA3-4379-B17B-34F40751119C}.Develop|Mixed Platforms.Build.0 = Debug|Any CPU
		{0252A330-1DA3-4379-B17B-34F40751119C}.Develop|x86.ActiveCfg = Debug|Any CPU
		{0252A330-1DA3-4379-B17B-34F40751119C}.Develop|x86.Build.0 = Debug|Any CPU
		{0252A330-1DA3-4379-B17B-34F40751119C}.QA|Any CPU.ActiveCfg = Release|Any CPU
		{0252A330-1DA3-4379-B17B-34F40751119C}.QA|Any CPU.Build.0 = Release|Any CPU
		{0252A330-1DA3-4379-B17B-34F40751119C}.QA|Mixed Platforms.ActiveCfg = Release|Any CPU
		{0252A330-1DA3-4379-B17B-34F40751119C}.QA|Mixed Platforms.Build.0 = Release|Any CPU
		{0252A330-1DA3-4379-B17B-34F40751119C}.QA|x86.ActiveCfg = Release|Any CPU
		{0252A330-1DA3-4379-B17B-34F40751119C}.QA|x86.Build.0 = Release|Any CPU
		{0252A330-1DA3-4379-B17B-34F40751119C}.Release|Any CPU.ActiveCfg = Release|Any CPU
		{0252A330-1DA3-4379-B17B-34F40751119C}.Release|Any CPU.Build.0 = Release|Any CPU
		{0252A330-1DA3-4379-B17B-34F40751119C}.Release|Mixed Platforms.ActiveCfg = Release|Any CPU
		{0252A330-1DA3-4379-B17B-34F40751119C}.Release|Mixed Platforms.Build.0 = Release|Any CPU
		{0252A330-1DA3-4379-B17B-34F40751119C}.Release|x86.ActiveCfg = Release|Any CPU
		{0252A330-1DA3-4379-B17B-34F40751119C}.Release|x86.Build.0 = Release|Any CPU
		{0252A330-1DA3-4379-B17B-34F40751119C}.Staging|Any CPU.ActiveCfg = Release|Any CPU
		{0252A330-1DA3-4379-B17B-34F40751119C}.Staging|Any CPU.Build.0 = Release|Any CPU
		{0252A330-1DA3-4379-B17B-34F40751119C}.Staging|Mixed Platforms.ActiveCfg = Release|Any CPU
		{0252A330-1DA3-4379-B17B-34F40751119C}.Staging|Mixed Platforms.Build.0 = Release|Any CPU
		{0252A330-1DA3-4379-B17B-34F40751119C}.Staging|x86.ActiveCfg = Release|Any CPU
		{0252A330-1DA3-4379-B17B-34F40751119C}.Staging|x86.Build.0 = Release|Any CPU
		{0252A330-1DA3-4379-B17B-34F40751119C}.UAT|Any CPU.ActiveCfg = Release|Any CPU
		{0252A330-1DA3-4379-B17B-34F40751119C}.UAT|Any CPU.Build.0 = Release|Any CPU
		{0252A330-1DA3-4379-B17B-34F40751119C}.UAT|Mixed Platforms.ActiveCfg = Release|Any CPU
		{0252A330-1DA3-4379-B17B-34F40751119C}.UAT|Mixed Platforms.Build.0 = Release|Any CPU
		{0252A330-1DA3-4379-B17B-34F40751119C}.UAT|x86.ActiveCfg = Release|Any CPU
		{0252A330-1DA3-4379-B17B-34F40751119C}.UAT|x86.Build.0 = Release|Any CPU
	EndGlobalSection
	GlobalSection(SolutionProperties) = preSolution
		HideSolutionNode = FALSE
	EndGlobalSection
	GlobalSection(NestedProjects) = preSolution
		{23E632BC-E094-487A-829D-6FE8C0AA3B89} = {6A3A7D84-9839-4D56-B0BD-5B46EA357754}
		{4C1B4817-D5E9-40F5-A388-C35A9EAB7BAB} = {6A3A7D84-9839-4D56-B0BD-5B46EA357754}
		{F95AFC22-8EA3-40AC-9D83-37BE67989EE6} = {667AA669-79F9-4392-BB08-D3BA51961F4A}
		{8F1D74C5-7123-4AF1-B1D6-904E5C4960C8} = {667AA669-79F9-4392-BB08-D3BA51961F4A}
		{C31BB417-E079-4434-A24C-0BFCDC3C2601} = {667AA669-79F9-4392-BB08-D3BA51961F4A}
		{D680BC7C-71B8-4C02-9CCB-83048249E026} = {667AA669-79F9-4392-BB08-D3BA51961F4A}
		{4F94CAAC-F241-490E-99F5-EFD747136338} = {667AA669-79F9-4392-BB08-D3BA51961F4A}
		{FB32B811-C654-4C3C-8B6C-0395CD7FCC5C} = {667AA669-79F9-4392-BB08-D3BA51961F4A}
		{FAC02538-BB2B-42E2-BE7B-0301AD99C636} = {667AA669-79F9-4392-BB08-D3BA51961F4A}
		{937671DF-73D7-4F4D-9177-69056ADAEC08} = {A7A09B09-4A3A-464D-AF80-0A5D11B5E019}
		{736B7E76-DAD7-4206-B464-34B33ECB17E6} = {6A3A7D84-9839-4D56-B0BD-5B46EA357754}
		{46486879-7B58-4731-8B0E-84D0B0FA37A4} = {6A3A7D84-9839-4D56-B0BD-5B46EA357754}
		{3DA8E98A-A7B6-4313-8708-6327A80B066A} = {667AA669-79F9-4392-BB08-D3BA51961F4A}
		{C10236AE-F97C-417B-A882-67B1CF2CE7F7} = {6994F533-F157-4651-B13B-50167186F481}
		{EBE9653D-C8EA-4004-BFF6-984A93D58B2B} = {667AA669-79F9-4392-BB08-D3BA51961F4A}
		{474EA6B3-936A-4564-ADEC-F2A9D82EF526} = {DC2901D4-6FD0-4EE8-862D-BC79B27506C9}
		{8D1D34BC-9DAE-4560-AB5B-46684A298173} = {DC2901D4-6FD0-4EE8-862D-BC79B27506C9}
		{9BF22A1B-6488-4746-925A-B4F9BA66BC33} = {A7A09B09-4A3A-464D-AF80-0A5D11B5E019}
		{7047D8F5-3E3A-46D7-8029-3B51917BF653} = {A7A09B09-4A3A-464D-AF80-0A5D11B5E019}
		{AF4EB9A2-0356-48D1-BB2A-1B95FAF79B1E} = {667AA669-79F9-4392-BB08-D3BA51961F4A}
		{575AC605-68AD-468B-A3C5-C0D1273AD40E} = {6994F533-F157-4651-B13B-50167186F481}
		{0252A330-1DA3-4379-B17B-34F40751119C} = {DC2901D4-6FD0-4EE8-862D-BC79B27506C9}
		{6994F533-F157-4651-B13B-50167186F481} = {C9C1A131-9CA7-4766-9506-54E9C8DA04BB}
		{DC2901D4-6FD0-4EE8-862D-BC79B27506C9} = {C9C1A131-9CA7-4766-9506-54E9C8DA04BB}
	EndGlobalSection
	GlobalSection(ExtensibilityGlobals) = postSolution
		SolutionGuid = {4EECB098-25B0-464C-8613-F1870D6108DE}
	EndGlobalSection
	GlobalSection(Performance) = preSolution
		HasPerformanceSessions = true
	EndGlobalSection
	GlobalSection(Performance) = preSolution
		HasPerformanceSessions = true
	EndGlobalSection
EndGlobal
